
Microsoft Visual Studio Solution File, Format Version 12.00
# Visual Studio Version 17
VisualStudioVersion = 17.5.33424.131
MinimumVisualStudioVersion = 10.0.40219.1
Project("{8BC9CEB8-8B4A-11D0-8D11-00A0C91BC942}") = "Bai005", "Bai005\Bai005.vcxproj", "{C1461C1F-27B5-4AEB-A3E5-BBDD0D8CB176}"
EndProject
Project("{8BC9CEB8-8B4A-11D0-8D11-00A0C91BC942}") = "Bai011", "Bai011\Bai011.vcxproj", "{E9EFEC11-2CE4-4386-8183-A9BA5012416C}"
EndProject
Project("{8BC9CEB8-8B4A-11D0-8D11-00A0C91BC942}") = "Bai017", "Bai017\Bai017.vcxproj", "{6C5FC5C7-A8DC-4CAB-85B3-285779037CB2}"
EndProject
Project("{8BC9CEB8-8B4A-11D0-8D11-00A0C91BC942}") = "Bai001", "Bai001\Bai001.vcxproj", "{2B67951F-7ECD-4E6F-9CFD-306C46A04D4D}"
EndProject
Project("{8BC9CEB8-8B4A-11D0-8D11-00A0C91BC942}") = "Bai007", "Bai007\Bai007.vcxproj", "{8C1E2343-E6BE-443F-B9C3-7BD8A865A282}"
EndProject
Project("{8BC9CEB8-8B4A-11D0-8D11-00A0C91BC942}") = "Bai013", "Bai013\Bai013.vcxproj", "{A01E7455-9EFD-4AEC-879D-C20F96A63A6B}"
EndProject
Project("{8BC9CEB8-8B4A-11D0-8D11-00A0C91BC942}") = "Bai019", "Bai019\Bai019.vcxproj", "{722CD8F4-4936-49C3-83A2-B4115DD2E8EB}"
EndProject
Project("{8BC9CEB8-8B4A-11D0-8D11-00A0C91BC942}") = "Bai025", "Bai025\Bai025.vcxproj", "{0FBE6E34-0CE1-4D20-A133-361DB47F5EEE}"
EndProject
Project("{8BC9CEB8-8B4A-11D0-8D11-00A0C91BC942}") = "Bai031", "Bai031\Bai031.vcxproj", "{D53469CE-C910-4093-9CD2-D9A71B6A9DD1}"
EndProject
Project("{8BC9CEB8-8B4A-11D0-8D11-00A0C91BC942}") = "Bai037", "Bai037\Bai037.vcxproj", "{4BCB50A3-AB05-4531-8375-2F078EE8DB54}"
EndProject
Project("{8BC9CEB8-8B4A-11D0-8D11-00A0C91BC942}") = "Bai043", "Bai043\Bai043.vcxproj", "{B2278783-D1CF-4A2A-87D8-706204C00F3D}"
EndProject
Project("{8BC9CEB8-8B4A-11D0-8D11-00A0C91BC942}") = "Bai049", "Bai049\Bai049.vcxproj", "{AFABEFC6-C706-4073-AB99-8275E229D73F}"
EndProject
Project("{8BC9CEB8-8B4A-11D0-8D11-00A0C91BC942}") = "Bai055", "Bai055\Bai055.vcxproj", "{6087A86D-4F40-43C5-BFEE-27D1B813500B}"
EndProject
Project("{8BC9CEB8-8B4A-11D0-8D11-00A0C91BC942}") = "Bai061", "Bai061\Bai061.vcxproj", "{38965BD7-1933-46C1-9966-82FA2B5B4103}"
EndProject
Project("{8BC9CEB8-8B4A-11D0-8D11-00A0C91BC942}") = "Bai067", "Bai067\Bai067.vcxproj", "{00B40302-B00A-4CAC-B3AF-613FFC0850AB}"
EndProject
Project("{8BC9CEB8-8B4A-11D0-8D11-00A0C91BC942}") = "Bai073", "Bai073\Bai073.vcxproj", "{773045D6-71DF-458E-B047-09627A2205F4}"
EndProject
Project("{8BC9CEB8-8B4A-11D0-8D11-00A0C91BC942}") = "Bai079", "Bai079\Bai079.vcxproj", "{BD8BC527-C956-41BE-8F93-1A11E593C127}"
EndProject
Project("{8BC9CEB8-8B4A-11D0-8D11-00A0C91BC942}") = "Bai085", "Bai085\Bai085.vcxproj", "{4B62228B-A32C-484D-B314-8C8590D13687}"
EndProject
Project("{8BC9CEB8-8B4A-11D0-8D11-00A0C91BC942}") = "Bai091", "Bai091\Bai091.vcxproj", "{D91EF7B9-C413-49A5-8FD4-528AA3ABC4D8}"
EndProject
Project("{8BC9CEB8-8B4A-11D0-8D11-00A0C91BC942}") = "Bai097", "Bai097\Bai097.vcxproj", "{3C608FC2-7D03-4A0B-ADF1-07ECDCD0DBBA}"
EndProject
Project("{8BC9CEB8-8B4A-11D0-8D11-00A0C91BC942}") = "Bai103", "Bai103\Bai103.vcxproj", "{D1DDB537-5E12-4057-AE9D-F3335BEF5712}"
EndProject
Project("{8BC9CEB8-8B4A-11D0-8D11-00A0C91BC942}") = "Bai109", "Bai109\Bai109.vcxproj", "{3345DADE-D01C-4DEE-A33D-FA73075AEB81}"
EndProject
Project("{8BC9CEB8-8B4A-11D0-8D11-00A0C91BC942}") = "Bai115", "Bai115\Bai115.vcxproj", "{6173DE33-9AE9-4331-8A1D-C307025DBB94}"
EndProject
Project("{8BC9CEB8-8B4A-11D0-8D11-00A0C91BC942}") = "Bai121", "Bai121\Bai121.vcxproj", "{8F5668FE-6B24-45C0-BA00-33B0D9CBF605}"
EndProject
Project("{8BC9CEB8-8B4A-11D0-8D11-00A0C91BC942}") = "Bai127", "Bai127\Bai127.vcxproj", "{0C81832B-829B-407A-8DD5-289DF305369F}"
EndProject
Project("{8BC9CEB8-8B4A-11D0-8D11-00A0C91BC942}") = "Bai133", "Bai133\Bai133.vcxproj", "{3B55FF18-D38E-490F-86CB-78DDD950FE87}"
EndProject
Project("{8BC9CEB8-8B4A-11D0-8D11-00A0C91BC942}") = "Bai139", "Bai139\Bai139.vcxproj", "{DD68897C-CEA5-4741-960F-850CEDA83AE5}"
EndProject
Project("{8BC9CEB8-8B4A-11D0-8D11-00A0C91BC942}") = "Bai145", "Bai145\Bai145.vcxproj", "{0C62CC2C-4E2B-4B96-860F-718119333A02}"
EndProject
Project("{8BC9CEB8-8B4A-11D0-8D11-00A0C91BC942}") = "Bai151", "Bai151\Bai151.vcxproj", "{85FAD4D0-E1F9-4B81-8BFE-33E7B7995575}"
EndProject
Project("{8BC9CEB8-8B4A-11D0-8D11-00A0C91BC942}") = "Bai023", "Bai023\Bai023.vcxproj", "{5F764CF2-2FD7-4AF9-8E26-E8E6D84905D2}"
EndProject
Project("{8BC9CEB8-8B4A-11D0-8D11-00A0C91BC942}") = "Bai029", "Bai029\Bai029.vcxproj", "{B7FED988-1F46-406E-BD62-46602A35F0FD}"
EndProject
Project("{8BC9CEB8-8B4A-11D0-8D11-00A0C91BC942}") = "Bai035", "Bai035\Bai035.vcxproj", "{0FA61355-73A5-44CF-974F-C87BB5F67442}"
EndProject
Project("{8BC9CEB8-8B4A-11D0-8D11-00A0C91BC942}") = "Bai041", "Bai041\Bai041.vcxproj", "{326F3469-E838-4039-B51D-2DF8E2B8F878}"
EndProject
Project("{8BC9CEB8-8B4A-11D0-8D11-00A0C91BC942}") = "Bai047", "Bai047\Bai047.vcxproj", "{6EA0F3C7-2B55-41C7-B2EA-E659EF554CB8}"
EndProject
Project("{8BC9CEB8-8B4A-11D0-8D11-00A0C91BC942}") = "Bai053", "Bai053\Bai053.vcxproj", "{65D2E84F-C9FA-4B98-8298-FB564E06628D}"
EndProject
Project("{8BC9CEB8-8B4A-11D0-8D11-00A0C91BC942}") = "Bai059", "Bai059\Bai059.vcxproj", "{92D46E2D-23EA-4142-A643-7B447A567D8D}"
EndProject
Project("{8BC9CEB8-8B4A-11D0-8D11-00A0C91BC942}") = "Bai006", "Bai006\Bai006.vcxproj", "{F205BDE2-815A-4209-A460-640421E86EDC}"
EndProject
Project("{8BC9CEB8-8B4A-11D0-8D11-00A0C91BC942}") = "Bai012", "Bai012\Bai012.vcxproj", "{9DB64834-EAC0-46C1-BD89-98D1D22376ED}"
EndProject
Project("{8BC9CEB8-8B4A-11D0-8D11-00A0C91BC942}") = "Bai016", "Bai016\Bai016.vcxproj", "{91299AC9-5BE6-49DE-AA5D-3DF2E77EFFBC}"
EndProject
Project("{8BC9CEB8-8B4A-11D0-8D11-00A0C91BC942}") = "Bai018", "Bai018\Bai018.vcxproj", "{710B5D98-8322-4472-8438-C6BE570531A6}"
EndProject
Project("{8BC9CEB8-8B4A-11D0-8D11-00A0C91BC942}") = "Bai024", "Bai024\Bai024.vcxproj", "{244F6B86-ECE2-4AAB-BFF9-69142994727B}"
EndProject
Project("{8BC9CEB8-8B4A-11D0-8D11-00A0C91BC942}") = "Bai030", "Bai030\Bai030.vcxproj", "{7B02F8B6-6B6C-4149-82C5-D59FE6B6B5FD}"
EndProject
Project("{8BC9CEB8-8B4A-11D0-8D11-00A0C91BC942}") = "Bai036", "Bai036\Bai036.vcxproj", "{7AD2BAC3-8F90-4B72-A9DC-73CA72A986A2}"
EndProject
Project("{8BC9CEB8-8B4A-11D0-8D11-00A0C91BC942}") = "Bai042", "Bai042\Bai042.vcxproj", "{E855D68B-79CA-4950-9B8B-A5431094C101}"
EndProject
Project("{8BC9CEB8-8B4A-11D0-8D11-00A0C91BC942}") = "Bai048", "Bai048\Bai048.vcxproj", "{636F369D-1CD1-4779-82BB-70AEBEBED973}"
EndProject
Project("{8BC9CEB8-8B4A-11D0-8D11-00A0C91BC942}") = "Bai054", "Bai054\Bai054.vcxproj", "{29D5D5FC-EF64-45CB-BD9D-3C8E085489EC}"
EndProject
Project("{8BC9CEB8-8B4A-11D0-8D11-00A0C91BC942}") = "Bai060", "Bai060\Bai060.vcxproj", "{F5D11FBC-A923-4132-810E-926E47B92037}"
EndProject
Project("{8BC9CEB8-8B4A-11D0-8D11-00A0C91BC942}") = "Bai066", "Bai066\Bai066.vcxproj", "{EEDC989E-3902-4C74-943C-C0D8A0032343}"
EndProject
Project("{8BC9CEB8-8B4A-11D0-8D11-00A0C91BC942}") = "Bai072", "Bai072\Bai072.vcxproj", "{C6F18E01-0918-49D2-BF12-7FD18C036D6F}"
EndProject
Project("{8BC9CEB8-8B4A-11D0-8D11-00A0C91BC942}") = "Bai078", "Bai078\Bai078.vcxproj", "{F5E67072-D3F0-4AEF-B46A-FA01AD22BA6E}"
EndProject
Project("{8BC9CEB8-8B4A-11D0-8D11-00A0C91BC942}") = "Bai084", "Bai084\Bai084.vcxproj", "{6BF0AC97-5A7E-4DD8-A3CD-2AD15AFEACAD}"
EndProject
Project("{8BC9CEB8-8B4A-11D0-8D11-00A0C91BC942}") = "Bai090", "Bai090\Bai090.vcxproj", "{7A2B9DEC-72E6-450F-B263-CA9814B2A321}"
EndProject
Project("{8BC9CEB8-8B4A-11D0-8D11-00A0C91BC942}") = "Bai096", "Bai096\Bai096.vcxproj", "{E0A06CAA-8BD3-4C92-AA44-4FF5192AE96A}"
EndProject
Project("{8BC9CEB8-8B4A-11D0-8D11-00A0C91BC942}") = "Bai102", "Bai102\Bai102.vcxproj", "{E3EA836C-D045-473D-B719-31BC83E09E97}"
EndProject
Project("{8BC9CEB8-8B4A-11D0-8D11-00A0C91BC942}") = "Bai108", "Bai108\Bai108.vcxproj", "{8A4E06E9-5C82-4236-B066-DF531CB9F089}"
EndProject
Project("{8BC9CEB8-8B4A-11D0-8D11-00A0C91BC942}") = "Bai114", "Bai114\Bai114.vcxproj", "{7B436562-D64A-4236-AD04-17ABDECA9787}"
EndProject
Project("{8BC9CEB8-8B4A-11D0-8D11-00A0C91BC942}") = "Bai120", "Bai120\Bai120.vcxproj", "{A168E5EC-E567-4719-B172-B09A9C0C417D}"
EndProject
Project("{8BC9CEB8-8B4A-11D0-8D11-00A0C91BC942}") = "Bai126", "Bai126\Bai126.vcxproj", "{435CB76D-F996-4B90-8CA9-05145FB88827}"
EndProject
Project("{8BC9CEB8-8B4A-11D0-8D11-00A0C91BC942}") = "Bai132", "Bai132\Bai132.vcxproj", "{F409675B-2F73-4D8D-9396-D492637F2346}"
EndProject
Project("{8BC9CEB8-8B4A-11D0-8D11-00A0C91BC942}") = "Bai138", "Bai138\Bai138.vcxproj", "{9241C41B-C0E7-4D8F-AA8A-67495D9396CD}"
EndProject
Project("{8BC9CEB8-8B4A-11D0-8D11-00A0C91BC942}") = "Bai144", "Bai144\Bai144.vcxproj", "{36D4AADF-C3BD-444D-92C9-853DD6EB79DA}"
EndProject
Project("{8BC9CEB8-8B4A-11D0-8D11-00A0C91BC942}") = "Bai150", "Bai150\Bai150.vcxproj", "{88DF4430-9990-4CE1-9A65-3BD7D0D608E2}"
EndProject
Project("{8BC9CEB8-8B4A-11D0-8D11-00A0C91BC942}") = "Bai156", "Bai156\Bai156.vcxproj", "{2B7A1F77-3D33-4DEE-AD2E-5034C9678EFF}"
EndProject
Project("{8BC9CEB8-8B4A-11D0-8D11-00A0C91BC942}") = "Bai162", "Bai162\Bai162.vcxproj", "{B4E241EB-8A2F-4CBB-8A81-D7BF5029FFEC}"
EndProject
Project("{8BC9CEB8-8B4A-11D0-8D11-00A0C91BC942}") = "Bai157", "Bai157\Bai157.vcxproj", "{8E60D79D-09F7-48AA-AF24-B750D967D51D}"
EndProject
Project("{8BC9CEB8-8B4A-11D0-8D11-00A0C91BC942}") = "Bai163", "Bai163\Bai163.vcxproj", "{CA4A9A26-FB62-4B76-9E22-B79FFC2C3958}"
EndProject
Project("{8BC9CEB8-8B4A-11D0-8D11-00A0C91BC942}") = "Bai065", "Bai065\Bai065.vcxproj", "{4A1129EE-0FE4-4BA4-B20B-8E4AC5357A6E}"
EndProject
Project("{8BC9CEB8-8B4A-11D0-8D11-00A0C91BC942}") = "Bai071", "Bai071\Bai071.vcxproj", "{D8F7BA75-879C-4C4F-9E19-91C743F3A250}"
EndProject
Project("{8BC9CEB8-8B4A-11D0-8D11-00A0C91BC942}") = "Bai077", "Bai077\Bai077.vcxproj", "{B151EF46-925C-4B6C-BE7B-E8EED4CA8E23}"
EndProject
Project("{8BC9CEB8-8B4A-11D0-8D11-00A0C91BC942}") = "Bai083", "Bai083\Bai083.vcxproj", "{247AB22C-1818-46D5-B926-EF8162BD0B03}"
EndProject
Project("{8BC9CEB8-8B4A-11D0-8D11-00A0C91BC942}") = "Bai089", "Bai089\Bai089.vcxproj", "{6CBC8CBC-CF72-46AF-A0AC-4F5C9BD821EB}"
EndProject
Project("{8BC9CEB8-8B4A-11D0-8D11-00A0C91BC942}") = "Bai095", "Bai095\Bai095.vcxproj", "{0B280CCA-534C-429F-A72D-BD48721556B6}"
EndProject
Project("{8BC9CEB8-8B4A-11D0-8D11-00A0C91BC942}") = "Bai101", "Bai101\Bai101.vcxproj", "{8453FB04-1FBE-44B5-98E6-CCC94CCFBDB7}"
EndProject
Project("{8BC9CEB8-8B4A-11D0-8D11-00A0C91BC942}") = "Bai107", "Bai107\Bai107.vcxproj", "{35BA1C20-CFFA-4315-AF26-60EF036F175E}"
EndProject
Project("{8BC9CEB8-8B4A-11D0-8D11-00A0C91BC942}") = "Bai113", "Bai113\Bai113.vcxproj", "{50480025-3AD2-416D-8571-6B5823FF85BA}"
EndProject
Project("{8BC9CEB8-8B4A-11D0-8D11-00A0C91BC942}") = "Bai119", "Bai119\Bai119.vcxproj", "{E9A4CE72-3456-4204-97D1-07DB20EEA63C}"
EndProject
Project("{8BC9CEB8-8B4A-11D0-8D11-00A0C91BC942}") = "Bai125", "Bai125\Bai125.vcxproj", "{EC162495-01BF-4BBA-9373-81CA3DD4D481}"
EndProject
Project("{8BC9CEB8-8B4A-11D0-8D11-00A0C91BC942}") = "Bai131", "Bai131\Bai131.vcxproj", "{955DB422-B22C-4D82-928C-D1A4707D3645}"
EndProject
Project("{8BC9CEB8-8B4A-11D0-8D11-00A0C91BC942}") = "Bai137", "Bai137\Bai137.vcxproj", "{1F1C98D7-28C0-4AB7-8ED4-E7BD4441729C}"
EndProject
Project("{8BC9CEB8-8B4A-11D0-8D11-00A0C91BC942}") = "Bai143", "Bai143\Bai143.vcxproj", "{CFAF1DF9-C664-4268-94EE-21088EB3DDC5}"
EndProject
Project("{8BC9CEB8-8B4A-11D0-8D11-00A0C91BC942}") = "Bai149", "Bai149\Bai149.vcxproj", "{05AB3BE6-6A26-4228-91BD-9EE7445D9419}"
EndProject
Project("{8BC9CEB8-8B4A-11D0-8D11-00A0C91BC942}") = "Bai155", "Bai155\Bai155.vcxproj", "{7AAAACAE-E623-4737-BC07-E18CD1BCFB2E}"
EndProject
Project("{8BC9CEB8-8B4A-11D0-8D11-00A0C91BC942}") = "Bai161", "Bai161\Bai161.vcxproj", "{E89704FA-4F5B-4DBC-AF6B-CA09DF725F36}"
EndProject
Project("{8BC9CEB8-8B4A-11D0-8D11-00A0C91BC942}") = "Bai167", "Bai167\Bai167.vcxproj", "{D9C05E4A-5EFD-4FE8-89AC-509E45D78AD9}"
EndProject
Project("{8BC9CEB8-8B4A-11D0-8D11-00A0C91BC942}") = "Bai004", "Bai004\Bai004.vcxproj", "{17C1EADD-17D2-4BCD-A243-7E8765E97D04}"
EndProject
Project("{8BC9CEB8-8B4A-11D0-8D11-00A0C91BC942}") = "Bai010", "Bai010\Bai010.vcxproj", "{3661D750-1511-4889-8863-A08D6FDB7D7F}"
EndProject
Project("{8BC9CEB8-8B4A-11D0-8D11-00A0C91BC942}") = "Bai022", "Bai022\Bai022.vcxproj", "{1149C755-3227-4B73-BF08-19080B621237}"
EndProject
Project("{8BC9CEB8-8B4A-11D0-8D11-00A0C91BC942}") = "Bai028", "Bai028\Bai028.vcxproj", "{E06854A7-C954-48D0-8FD3-0D2D812F95FF}"
EndProject
Project("{8BC9CEB8-8B4A-11D0-8D11-00A0C91BC942}") = "Bai034", "Bai034\Bai034.vcxproj", "{FF27F554-2186-4B8F-9ABC-9CA82F495B33}"
EndProject
Project("{8BC9CEB8-8B4A-11D0-8D11-00A0C91BC942}") = "Bai040", "Bai040\Bai040.vcxproj", "{22CBCCA0-8717-46BC-B0C2-6587F0DF4243}"
EndProject
Project("{8BC9CEB8-8B4A-11D0-8D11-00A0C91BC942}") = "Bai046", "Bai046\Bai046.vcxproj", "{6665F019-32CA-4287-9911-C2860C68A59D}"
EndProject
Project("{8BC9CEB8-8B4A-11D0-8D11-00A0C91BC942}") = "Bai052", "Bai052\Bai052.vcxproj", "{57A3ABD1-B0A7-4077-BEAD-119F691284ED}"
EndProject
Project("{8BC9CEB8-8B4A-11D0-8D11-00A0C91BC942}") = "Bai058", "Bai058\Bai058.vcxproj", "{DBE3F0A0-9F68-4A8F-A6D5-880266AED9B1}"
EndProject
Project("{8BC9CEB8-8B4A-11D0-8D11-00A0C91BC942}") = "Bai064", "Bai064\Bai064.vcxproj", "{35F0E059-91B1-415A-A586-71EB121DB592}"
EndProject
Project("{8BC9CEB8-8B4A-11D0-8D11-00A0C91BC942}") = "Bai070", "Bai070\Bai070.vcxproj", "{A089716B-9CE4-48C0-BAAC-2D4EF5AF855A}"
EndProject
Global
	GlobalSection(SolutionConfigurationPlatforms) = preSolution
		Debug|x64 = Debug|x64
		Debug|x86 = Debug|x86
		Release|x64 = Release|x64
		Release|x86 = Release|x86
	EndGlobalSection
	GlobalSection(ProjectConfigurationPlatforms) = postSolution
		{C1461C1F-27B5-4AEB-A3E5-BBDD0D8CB176}.Debug|x64.ActiveCfg = Debug|x64
		{C1461C1F-27B5-4AEB-A3E5-BBDD0D8CB176}.Debug|x64.Build.0 = Debug|x64
		{C1461C1F-27B5-4AEB-A3E5-BBDD0D8CB176}.Debug|x86.ActiveCfg = Debug|Win32
		{C1461C1F-27B5-4AEB-A3E5-BBDD0D8CB176}.Debug|x86.Build.0 = Debug|Win32
		{C1461C1F-27B5-4AEB-A3E5-BBDD0D8CB176}.Release|x64.ActiveCfg = Release|x64
		{C1461C1F-27B5-4AEB-A3E5-BBDD0D8CB176}.Release|x64.Build.0 = Release|x64
		{C1461C1F-27B5-4AEB-A3E5-BBDD0D8CB176}.Release|x86.ActiveCfg = Release|Win32
		{C1461C1F-27B5-4AEB-A3E5-BBDD0D8CB176}.Release|x86.Build.0 = Release|Win32
		{E9EFEC11-2CE4-4386-8183-A9BA5012416C}.Debug|x64.ActiveCfg = Debug|x64
		{E9EFEC11-2CE4-4386-8183-A9BA5012416C}.Debug|x64.Build.0 = Debug|x64
		{E9EFEC11-2CE4-4386-8183-A9BA5012416C}.Debug|x86.ActiveCfg = Debug|Win32
		{E9EFEC11-2CE4-4386-8183-A9BA5012416C}.Debug|x86.Build.0 = Debug|Win32
		{E9EFEC11-2CE4-4386-8183-A9BA5012416C}.Release|x64.ActiveCfg = Release|x64
		{E9EFEC11-2CE4-4386-8183-A9BA5012416C}.Release|x64.Build.0 = Release|x64
		{E9EFEC11-2CE4-4386-8183-A9BA5012416C}.Release|x86.ActiveCfg = Release|Win32
		{E9EFEC11-2CE4-4386-8183-A9BA5012416C}.Release|x86.Build.0 = Release|Win32
		{6C5FC5C7-A8DC-4CAB-85B3-285779037CB2}.Debug|x64.ActiveCfg = Debug|x64
		{6C5FC5C7-A8DC-4CAB-85B3-285779037CB2}.Debug|x64.Build.0 = Debug|x64
		{6C5FC5C7-A8DC-4CAB-85B3-285779037CB2}.Debug|x86.ActiveCfg = Debug|Win32
		{6C5FC5C7-A8DC-4CAB-85B3-285779037CB2}.Debug|x86.Build.0 = Debug|Win32
		{6C5FC5C7-A8DC-4CAB-85B3-285779037CB2}.Release|x64.ActiveCfg = Release|x64
		{6C5FC5C7-A8DC-4CAB-85B3-285779037CB2}.Release|x64.Build.0 = Release|x64
		{6C5FC5C7-A8DC-4CAB-85B3-285779037CB2}.Release|x86.ActiveCfg = Release|Win32
		{6C5FC5C7-A8DC-4CAB-85B3-285779037CB2}.Release|x86.Build.0 = Release|Win32
		{2B67951F-7ECD-4E6F-9CFD-306C46A04D4D}.Debug|x64.ActiveCfg = Debug|x64
		{2B67951F-7ECD-4E6F-9CFD-306C46A04D4D}.Debug|x64.Build.0 = Debug|x64
		{2B67951F-7ECD-4E6F-9CFD-306C46A04D4D}.Debug|x86.ActiveCfg = Debug|Win32
		{2B67951F-7ECD-4E6F-9CFD-306C46A04D4D}.Debug|x86.Build.0 = Debug|Win32
		{2B67951F-7ECD-4E6F-9CFD-306C46A04D4D}.Release|x64.ActiveCfg = Release|x64
		{2B67951F-7ECD-4E6F-9CFD-306C46A04D4D}.Release|x64.Build.0 = Release|x64
		{2B67951F-7ECD-4E6F-9CFD-306C46A04D4D}.Release|x86.ActiveCfg = Release|Win32
		{2B67951F-7ECD-4E6F-9CFD-306C46A04D4D}.Release|x86.Build.0 = Release|Win32
		{8C1E2343-E6BE-443F-B9C3-7BD8A865A282}.Debug|x64.ActiveCfg = Debug|x64
		{8C1E2343-E6BE-443F-B9C3-7BD8A865A282}.Debug|x64.Build.0 = Debug|x64
		{8C1E2343-E6BE-443F-B9C3-7BD8A865A282}.Debug|x86.ActiveCfg = Debug|Win32
		{8C1E2343-E6BE-443F-B9C3-7BD8A865A282}.Debug|x86.Build.0 = Debug|Win32
		{8C1E2343-E6BE-443F-B9C3-7BD8A865A282}.Release|x64.ActiveCfg = Release|x64
		{8C1E2343-E6BE-443F-B9C3-7BD8A865A282}.Release|x64.Build.0 = Release|x64
		{8C1E2343-E6BE-443F-B9C3-7BD8A865A282}.Release|x86.ActiveCfg = Release|Win32
		{8C1E2343-E6BE-443F-B9C3-7BD8A865A282}.Release|x86.Build.0 = Release|Win32
		{A01E7455-9EFD-4AEC-879D-C20F96A63A6B}.Debug|x64.ActiveCfg = Debug|x64
		{A01E7455-9EFD-4AEC-879D-C20F96A63A6B}.Debug|x64.Build.0 = Debug|x64
		{A01E7455-9EFD-4AEC-879D-C20F96A63A6B}.Debug|x86.ActiveCfg = Debug|Win32
		{A01E7455-9EFD-4AEC-879D-C20F96A63A6B}.Debug|x86.Build.0 = Debug|Win32
		{A01E7455-9EFD-4AEC-879D-C20F96A63A6B}.Release|x64.ActiveCfg = Release|x64
		{A01E7455-9EFD-4AEC-879D-C20F96A63A6B}.Release|x64.Build.0 = Release|x64
		{A01E7455-9EFD-4AEC-879D-C20F96A63A6B}.Release|x86.ActiveCfg = Release|Win32
		{A01E7455-9EFD-4AEC-879D-C20F96A63A6B}.Release|x86.Build.0 = Release|Win32
		{722CD8F4-4936-49C3-83A2-B4115DD2E8EB}.Debug|x64.ActiveCfg = Debug|x64
		{722CD8F4-4936-49C3-83A2-B4115DD2E8EB}.Debug|x64.Build.0 = Debug|x64
		{722CD8F4-4936-49C3-83A2-B4115DD2E8EB}.Debug|x86.ActiveCfg = Debug|Win32
		{722CD8F4-4936-49C3-83A2-B4115DD2E8EB}.Debug|x86.Build.0 = Debug|Win32
		{722CD8F4-4936-49C3-83A2-B4115DD2E8EB}.Release|x64.ActiveCfg = Release|x64
		{722CD8F4-4936-49C3-83A2-B4115DD2E8EB}.Release|x64.Build.0 = Release|x64
		{722CD8F4-4936-49C3-83A2-B4115DD2E8EB}.Release|x86.ActiveCfg = Release|Win32
		{722CD8F4-4936-49C3-83A2-B4115DD2E8EB}.Release|x86.Build.0 = Release|Win32
		{0FBE6E34-0CE1-4D20-A133-361DB47F5EEE}.Debug|x64.ActiveCfg = Debug|x64
		{0FBE6E34-0CE1-4D20-A133-361DB47F5EEE}.Debug|x64.Build.0 = Debug|x64
		{0FBE6E34-0CE1-4D20-A133-361DB47F5EEE}.Debug|x86.ActiveCfg = Debug|Win32
		{0FBE6E34-0CE1-4D20-A133-361DB47F5EEE}.Debug|x86.Build.0 = Debug|Win32
		{0FBE6E34-0CE1-4D20-A133-361DB47F5EEE}.Release|x64.ActiveCfg = Release|x64
		{0FBE6E34-0CE1-4D20-A133-361DB47F5EEE}.Release|x64.Build.0 = Release|x64
		{0FBE6E34-0CE1-4D20-A133-361DB47F5EEE}.Release|x86.ActiveCfg = Release|Win32
		{0FBE6E34-0CE1-4D20-A133-361DB47F5EEE}.Release|x86.Build.0 = Release|Win32
		{D53469CE-C910-4093-9CD2-D9A71B6A9DD1}.Debug|x64.ActiveCfg = Debug|x64
		{D53469CE-C910-4093-9CD2-D9A71B6A9DD1}.Debug|x64.Build.0 = Debug|x64
		{D53469CE-C910-4093-9CD2-D9A71B6A9DD1}.Debug|x86.ActiveCfg = Debug|Win32
		{D53469CE-C910-4093-9CD2-D9A71B6A9DD1}.Debug|x86.Build.0 = Debug|Win32
		{D53469CE-C910-4093-9CD2-D9A71B6A9DD1}.Release|x64.ActiveCfg = Release|x64
		{D53469CE-C910-4093-9CD2-D9A71B6A9DD1}.Release|x64.Build.0 = Release|x64
		{D53469CE-C910-4093-9CD2-D9A71B6A9DD1}.Release|x86.ActiveCfg = Release|Win32
		{D53469CE-C910-4093-9CD2-D9A71B6A9DD1}.Release|x86.Build.0 = Release|Win32
		{4BCB50A3-AB05-4531-8375-2F078EE8DB54}.Debug|x64.ActiveCfg = Debug|x64
		{4BCB50A3-AB05-4531-8375-2F078EE8DB54}.Debug|x64.Build.0 = Debug|x64
		{4BCB50A3-AB05-4531-8375-2F078EE8DB54}.Debug|x86.ActiveCfg = Debug|Win32
		{4BCB50A3-AB05-4531-8375-2F078EE8DB54}.Debug|x86.Build.0 = Debug|Win32
		{4BCB50A3-AB05-4531-8375-2F078EE8DB54}.Release|x64.ActiveCfg = Release|x64
		{4BCB50A3-AB05-4531-8375-2F078EE8DB54}.Release|x64.Build.0 = Release|x64
		{4BCB50A3-AB05-4531-8375-2F078EE8DB54}.Release|x86.ActiveCfg = Release|Win32
		{4BCB50A3-AB05-4531-8375-2F078EE8DB54}.Release|x86.Build.0 = Release|Win32
		{B2278783-D1CF-4A2A-87D8-706204C00F3D}.Debug|x64.ActiveCfg = Debug|x64
		{B2278783-D1CF-4A2A-87D8-706204C00F3D}.Debug|x64.Build.0 = Debug|x64
		{B2278783-D1CF-4A2A-87D8-706204C00F3D}.Debug|x86.ActiveCfg = Debug|Win32
		{B2278783-D1CF-4A2A-87D8-706204C00F3D}.Debug|x86.Build.0 = Debug|Win32
		{B2278783-D1CF-4A2A-87D8-706204C00F3D}.Release|x64.ActiveCfg = Release|x64
		{B2278783-D1CF-4A2A-87D8-706204C00F3D}.Release|x64.Build.0 = Release|x64
		{B2278783-D1CF-4A2A-87D8-706204C00F3D}.Release|x86.ActiveCfg = Release|Win32
		{B2278783-D1CF-4A2A-87D8-706204C00F3D}.Release|x86.Build.0 = Release|Win32
		{AFABEFC6-C706-4073-AB99-8275E229D73F}.Debug|x64.ActiveCfg = Debug|x64
		{AFABEFC6-C706-4073-AB99-8275E229D73F}.Debug|x64.Build.0 = Debug|x64
		{AFABEFC6-C706-4073-AB99-8275E229D73F}.Debug|x86.ActiveCfg = Debug|Win32
		{AFABEFC6-C706-4073-AB99-8275E229D73F}.Debug|x86.Build.0 = Debug|Win32
		{AFABEFC6-C706-4073-AB99-8275E229D73F}.Release|x64.ActiveCfg = Release|x64
		{AFABEFC6-C706-4073-AB99-8275E229D73F}.Release|x64.Build.0 = Release|x64
		{AFABEFC6-C706-4073-AB99-8275E229D73F}.Release|x86.ActiveCfg = Release|Win32
		{AFABEFC6-C706-4073-AB99-8275E229D73F}.Release|x86.Build.0 = Release|Win32
		{6087A86D-4F40-43C5-BFEE-27D1B813500B}.Debug|x64.ActiveCfg = Debug|x64
		{6087A86D-4F40-43C5-BFEE-27D1B813500B}.Debug|x64.Build.0 = Debug|x64
		{6087A86D-4F40-43C5-BFEE-27D1B813500B}.Debug|x86.ActiveCfg = Debug|Win32
		{6087A86D-4F40-43C5-BFEE-27D1B813500B}.Debug|x86.Build.0 = Debug|Win32
		{6087A86D-4F40-43C5-BFEE-27D1B813500B}.Release|x64.ActiveCfg = Release|x64
		{6087A86D-4F40-43C5-BFEE-27D1B813500B}.Release|x64.Build.0 = Release|x64
		{6087A86D-4F40-43C5-BFEE-27D1B813500B}.Release|x86.ActiveCfg = Release|Win32
		{6087A86D-4F40-43C5-BFEE-27D1B813500B}.Release|x86.Build.0 = Release|Win32
		{38965BD7-1933-46C1-9966-82FA2B5B4103}.Debug|x64.ActiveCfg = Debug|x64
		{38965BD7-1933-46C1-9966-82FA2B5B4103}.Debug|x64.Build.0 = Debug|x64
		{38965BD7-1933-46C1-9966-82FA2B5B4103}.Debug|x86.ActiveCfg = Debug|Win32
		{38965BD7-1933-46C1-9966-82FA2B5B4103}.Debug|x86.Build.0 = Debug|Win32
		{38965BD7-1933-46C1-9966-82FA2B5B4103}.Release|x64.ActiveCfg = Release|x64
		{38965BD7-1933-46C1-9966-82FA2B5B4103}.Release|x64.Build.0 = Release|x64
		{38965BD7-1933-46C1-9966-82FA2B5B4103}.Release|x86.ActiveCfg = Release|Win32
		{38965BD7-1933-46C1-9966-82FA2B5B4103}.Release|x86.Build.0 = Release|Win32
		{00B40302-B00A-4CAC-B3AF-613FFC0850AB}.Debug|x64.ActiveCfg = Debug|x64
		{00B40302-B00A-4CAC-B3AF-613FFC0850AB}.Debug|x64.Build.0 = Debug|x64
		{00B40302-B00A-4CAC-B3AF-613FFC0850AB}.Debug|x86.ActiveCfg = Debug|Win32
		{00B40302-B00A-4CAC-B3AF-613FFC0850AB}.Debug|x86.Build.0 = Debug|Win32
		{00B40302-B00A-4CAC-B3AF-613FFC0850AB}.Release|x64.ActiveCfg = Release|x64
		{00B40302-B00A-4CAC-B3AF-613FFC0850AB}.Release|x64.Build.0 = Release|x64
		{00B40302-B00A-4CAC-B3AF-613FFC0850AB}.Release|x86.ActiveCfg = Release|Win32
		{00B40302-B00A-4CAC-B3AF-613FFC0850AB}.Release|x86.Build.0 = Release|Win32
		{773045D6-71DF-458E-B047-09627A2205F4}.Debug|x64.ActiveCfg = Debug|x64
		{773045D6-71DF-458E-B047-09627A2205F4}.Debug|x64.Build.0 = Debug|x64
		{773045D6-71DF-458E-B047-09627A2205F4}.Debug|x86.ActiveCfg = Debug|Win32
		{773045D6-71DF-458E-B047-09627A2205F4}.Debug|x86.Build.0 = Debug|Win32
		{773045D6-71DF-458E-B047-09627A2205F4}.Release|x64.ActiveCfg = Release|x64
		{773045D6-71DF-458E-B047-09627A2205F4}.Release|x64.Build.0 = Release|x64
		{773045D6-71DF-458E-B047-09627A2205F4}.Release|x86.ActiveCfg = Release|Win32
		{773045D6-71DF-458E-B047-09627A2205F4}.Release|x86.Build.0 = Release|Win32
		{BD8BC527-C956-41BE-8F93-1A11E593C127}.Debug|x64.ActiveCfg = Debug|x64
		{BD8BC527-C956-41BE-8F93-1A11E593C127}.Debug|x64.Build.0 = Debug|x64
		{BD8BC527-C956-41BE-8F93-1A11E593C127}.Debug|x86.ActiveCfg = Debug|Win32
		{BD8BC527-C956-41BE-8F93-1A11E593C127}.Debug|x86.Build.0 = Debug|Win32
		{BD8BC527-C956-41BE-8F93-1A11E593C127}.Release|x64.ActiveCfg = Release|x64
		{BD8BC527-C956-41BE-8F93-1A11E593C127}.Release|x64.Build.0 = Release|x64
		{BD8BC527-C956-41BE-8F93-1A11E593C127}.Release|x86.ActiveCfg = Release|Win32
		{BD8BC527-C956-41BE-8F93-1A11E593C127}.Release|x86.Build.0 = Release|Win32
		{4B62228B-A32C-484D-B314-8C8590D13687}.Debug|x64.ActiveCfg = Debug|x64
		{4B62228B-A32C-484D-B314-8C8590D13687}.Debug|x64.Build.0 = Debug|x64
		{4B62228B-A32C-484D-B314-8C8590D13687}.Debug|x86.ActiveCfg = Debug|Win32
		{4B62228B-A32C-484D-B314-8C8590D13687}.Debug|x86.Build.0 = Debug|Win32
		{4B62228B-A32C-484D-B314-8C8590D13687}.Release|x64.ActiveCfg = Release|x64
		{4B62228B-A32C-484D-B314-8C8590D13687}.Release|x64.Build.0 = Release|x64
		{4B62228B-A32C-484D-B314-8C8590D13687}.Release|x86.ActiveCfg = Release|Win32
		{4B62228B-A32C-484D-B314-8C8590D13687}.Release|x86.Build.0 = Release|Win32
		{D91EF7B9-C413-49A5-8FD4-528AA3ABC4D8}.Debug|x64.ActiveCfg = Debug|x64
		{D91EF7B9-C413-49A5-8FD4-528AA3ABC4D8}.Debug|x64.Build.0 = Debug|x64
		{D91EF7B9-C413-49A5-8FD4-528AA3ABC4D8}.Debug|x86.ActiveCfg = Debug|Win32
		{D91EF7B9-C413-49A5-8FD4-528AA3ABC4D8}.Debug|x86.Build.0 = Debug|Win32
		{D91EF7B9-C413-49A5-8FD4-528AA3ABC4D8}.Release|x64.ActiveCfg = Release|x64
		{D91EF7B9-C413-49A5-8FD4-528AA3ABC4D8}.Release|x64.Build.0 = Release|x64
		{D91EF7B9-C413-49A5-8FD4-528AA3ABC4D8}.Release|x86.ActiveCfg = Release|Win32
		{D91EF7B9-C413-49A5-8FD4-528AA3ABC4D8}.Release|x86.Build.0 = Release|Win32
		{3C608FC2-7D03-4A0B-ADF1-07ECDCD0DBBA}.Debug|x64.ActiveCfg = Debug|x64
		{3C608FC2-7D03-4A0B-ADF1-07ECDCD0DBBA}.Debug|x64.Build.0 = Debug|x64
		{3C608FC2-7D03-4A0B-ADF1-07ECDCD0DBBA}.Debug|x86.ActiveCfg = Debug|Win32
		{3C608FC2-7D03-4A0B-ADF1-07ECDCD0DBBA}.Debug|x86.Build.0 = Debug|Win32
		{3C608FC2-7D03-4A0B-ADF1-07ECDCD0DBBA}.Release|x64.ActiveCfg = Release|x64
		{3C608FC2-7D03-4A0B-ADF1-07ECDCD0DBBA}.Release|x64.Build.0 = Release|x64
		{3C608FC2-7D03-4A0B-ADF1-07ECDCD0DBBA}.Release|x86.ActiveCfg = Release|Win32
		{3C608FC2-7D03-4A0B-ADF1-07ECDCD0DBBA}.Release|x86.Build.0 = Release|Win32
		{D1DDB537-5E12-4057-AE9D-F3335BEF5712}.Debug|x64.ActiveCfg = Debug|x64
		{D1DDB537-5E12-4057-AE9D-F3335BEF5712}.Debug|x64.Build.0 = Debug|x64
		{D1DDB537-5E12-4057-AE9D-F3335BEF5712}.Debug|x86.ActiveCfg = Debug|Win32
		{D1DDB537-5E12-4057-AE9D-F3335BEF5712}.Debug|x86.Build.0 = Debug|Win32
		{D1DDB537-5E12-4057-AE9D-F3335BEF5712}.Release|x64.ActiveCfg = Release|x64
		{D1DDB537-5E12-4057-AE9D-F3335BEF5712}.Release|x64.Build.0 = Release|x64
		{D1DDB537-5E12-4057-AE9D-F3335BEF5712}.Release|x86.ActiveCfg = Release|Win32
		{D1DDB537-5E12-4057-AE9D-F3335BEF5712}.Release|x86.Build.0 = Release|Win32
		{3345DADE-D01C-4DEE-A33D-FA73075AEB81}.Debug|x64.ActiveCfg = Debug|x64
		{3345DADE-D01C-4DEE-A33D-FA73075AEB81}.Debug|x64.Build.0 = Debug|x64
		{3345DADE-D01C-4DEE-A33D-FA73075AEB81}.Debug|x86.ActiveCfg = Debug|Win32
		{3345DADE-D01C-4DEE-A33D-FA73075AEB81}.Debug|x86.Build.0 = Debug|Win32
		{3345DADE-D01C-4DEE-A33D-FA73075AEB81}.Release|x64.ActiveCfg = Release|x64
		{3345DADE-D01C-4DEE-A33D-FA73075AEB81}.Release|x64.Build.0 = Release|x64
		{3345DADE-D01C-4DEE-A33D-FA73075AEB81}.Release|x86.ActiveCfg = Release|Win32
		{3345DADE-D01C-4DEE-A33D-FA73075AEB81}.Release|x86.Build.0 = Release|Win32
		{6173DE33-9AE9-4331-8A1D-C307025DBB94}.Debug|x64.ActiveCfg = Debug|x64
		{6173DE33-9AE9-4331-8A1D-C307025DBB94}.Debug|x64.Build.0 = Debug|x64
		{6173DE33-9AE9-4331-8A1D-C307025DBB94}.Debug|x86.ActiveCfg = Debug|Win32
		{6173DE33-9AE9-4331-8A1D-C307025DBB94}.Debug|x86.Build.0 = Debug|Win32
		{6173DE33-9AE9-4331-8A1D-C307025DBB94}.Release|x64.ActiveCfg = Release|x64
		{6173DE33-9AE9-4331-8A1D-C307025DBB94}.Release|x64.Build.0 = Release|x64
		{6173DE33-9AE9-4331-8A1D-C307025DBB94}.Release|x86.ActiveCfg = Release|Win32
		{6173DE33-9AE9-4331-8A1D-C307025DBB94}.Release|x86.Build.0 = Release|Win32
		{8F5668FE-6B24-45C0-BA00-33B0D9CBF605}.Debug|x64.ActiveCfg = Debug|x64
		{8F5668FE-6B24-45C0-BA00-33B0D9CBF605}.Debug|x64.Build.0 = Debug|x64
		{8F5668FE-6B24-45C0-BA00-33B0D9CBF605}.Debug|x86.ActiveCfg = Debug|Win32
		{8F5668FE-6B24-45C0-BA00-33B0D9CBF605}.Debug|x86.Build.0 = Debug|Win32
		{8F5668FE-6B24-45C0-BA00-33B0D9CBF605}.Release|x64.ActiveCfg = Release|x64
		{8F5668FE-6B24-45C0-BA00-33B0D9CBF605}.Release|x64.Build.0 = Release|x64
		{8F5668FE-6B24-45C0-BA00-33B0D9CBF605}.Release|x86.ActiveCfg = Release|Win32
		{8F5668FE-6B24-45C0-BA00-33B0D9CBF605}.Release|x86.Build.0 = Release|Win32
		{0C81832B-829B-407A-8DD5-289DF305369F}.Debug|x64.ActiveCfg = Debug|x64
		{0C81832B-829B-407A-8DD5-289DF305369F}.Debug|x64.Build.0 = Debug|x64
		{0C81832B-829B-407A-8DD5-289DF305369F}.Debug|x86.ActiveCfg = Debug|Win32
		{0C81832B-829B-407A-8DD5-289DF305369F}.Debug|x86.Build.0 = Debug|Win32
		{0C81832B-829B-407A-8DD5-289DF305369F}.Release|x64.ActiveCfg = Release|x64
		{0C81832B-829B-407A-8DD5-289DF305369F}.Release|x64.Build.0 = Release|x64
		{0C81832B-829B-407A-8DD5-289DF305369F}.Release|x86.ActiveCfg = Release|Win32
		{0C81832B-829B-407A-8DD5-289DF305369F}.Release|x86.Build.0 = Release|Win32
		{3B55FF18-D38E-490F-86CB-78DDD950FE87}.Debug|x64.ActiveCfg = Debug|x64
		{3B55FF18-D38E-490F-86CB-78DDD950FE87}.Debug|x64.Build.0 = Debug|x64
		{3B55FF18-D38E-490F-86CB-78DDD950FE87}.Debug|x86.ActiveCfg = Debug|Win32
		{3B55FF18-D38E-490F-86CB-78DDD950FE87}.Debug|x86.Build.0 = Debug|Win32
		{3B55FF18-D38E-490F-86CB-78DDD950FE87}.Release|x64.ActiveCfg = Release|x64
		{3B55FF18-D38E-490F-86CB-78DDD950FE87}.Release|x64.Build.0 = Release|x64
		{3B55FF18-D38E-490F-86CB-78DDD950FE87}.Release|x86.ActiveCfg = Release|Win32
		{3B55FF18-D38E-490F-86CB-78DDD950FE87}.Release|x86.Build.0 = Release|Win32
		{DD68897C-CEA5-4741-960F-850CEDA83AE5}.Debug|x64.ActiveCfg = Debug|x64
		{DD68897C-CEA5-4741-960F-850CEDA83AE5}.Debug|x64.Build.0 = Debug|x64
		{DD68897C-CEA5-4741-960F-850CEDA83AE5}.Debug|x86.ActiveCfg = Debug|Win32
		{DD68897C-CEA5-4741-960F-850CEDA83AE5}.Debug|x86.Build.0 = Debug|Win32
		{DD68897C-CEA5-4741-960F-850CEDA83AE5}.Release|x64.ActiveCfg = Release|x64
		{DD68897C-CEA5-4741-960F-850CEDA83AE5}.Release|x64.Build.0 = Release|x64
		{DD68897C-CEA5-4741-960F-850CEDA83AE5}.Release|x86.ActiveCfg = Release|Win32
		{DD68897C-CEA5-4741-960F-850CEDA83AE5}.Release|x86.Build.0 = Release|Win32
		{0C62CC2C-4E2B-4B96-860F-718119333A02}.Debug|x64.ActiveCfg = Debug|x64
		{0C62CC2C-4E2B-4B96-860F-718119333A02}.Debug|x64.Build.0 = Debug|x64
		{0C62CC2C-4E2B-4B96-860F-718119333A02}.Debug|x86.ActiveCfg = Debug|Win32
		{0C62CC2C-4E2B-4B96-860F-718119333A02}.Debug|x86.Build.0 = Debug|Win32
		{0C62CC2C-4E2B-4B96-860F-718119333A02}.Release|x64.ActiveCfg = Release|x64
		{0C62CC2C-4E2B-4B96-860F-718119333A02}.Release|x64.Build.0 = Release|x64
		{0C62CC2C-4E2B-4B96-860F-718119333A02}.Release|x86.ActiveCfg = Release|Win32
		{0C62CC2C-4E2B-4B96-860F-718119333A02}.Release|x86.Build.0 = Release|Win32
		{85FAD4D0-E1F9-4B81-8BFE-33E7B7995575}.Debug|x64.ActiveCfg = Debug|x64
		{85FAD4D0-E1F9-4B81-8BFE-33E7B7995575}.Debug|x64.Build.0 = Debug|x64
		{85FAD4D0-E1F9-4B81-8BFE-33E7B7995575}.Debug|x86.ActiveCfg = Debug|Win32
		{85FAD4D0-E1F9-4B81-8BFE-33E7B7995575}.Debug|x86.Build.0 = Debug|Win32
		{85FAD4D0-E1F9-4B81-8BFE-33E7B7995575}.Release|x64.ActiveCfg = Release|x64
		{85FAD4D0-E1F9-4B81-8BFE-33E7B7995575}.Release|x64.Build.0 = Release|x64
		{85FAD4D0-E1F9-4B81-8BFE-33E7B7995575}.Release|x86.ActiveCfg = Release|Win32
		{85FAD4D0-E1F9-4B81-8BFE-33E7B7995575}.Release|x86.Build.0 = Release|Win32
		{5F764CF2-2FD7-4AF9-8E26-E8E6D84905D2}.Debug|x64.ActiveCfg = Debug|x64
		{5F764CF2-2FD7-4AF9-8E26-E8E6D84905D2}.Debug|x64.Build.0 = Debug|x64
		{5F764CF2-2FD7-4AF9-8E26-E8E6D84905D2}.Debug|x86.ActiveCfg = Debug|Win32
		{5F764CF2-2FD7-4AF9-8E26-E8E6D84905D2}.Debug|x86.Build.0 = Debug|Win32
		{5F764CF2-2FD7-4AF9-8E26-E8E6D84905D2}.Release|x64.ActiveCfg = Release|x64
		{5F764CF2-2FD7-4AF9-8E26-E8E6D84905D2}.Release|x64.Build.0 = Release|x64
		{5F764CF2-2FD7-4AF9-8E26-E8E6D84905D2}.Release|x86.ActiveCfg = Release|Win32
		{5F764CF2-2FD7-4AF9-8E26-E8E6D84905D2}.Release|x86.Build.0 = Release|Win32
		{B7FED988-1F46-406E-BD62-46602A35F0FD}.Debug|x64.ActiveCfg = Debug|x64
		{B7FED988-1F46-406E-BD62-46602A35F0FD}.Debug|x64.Build.0 = Debug|x64
		{B7FED988-1F46-406E-BD62-46602A35F0FD}.Debug|x86.ActiveCfg = Debug|Win32
		{B7FED988-1F46-406E-BD62-46602A35F0FD}.Debug|x86.Build.0 = Debug|Win32
		{B7FED988-1F46-406E-BD62-46602A35F0FD}.Release|x64.ActiveCfg = Release|x64
		{B7FED988-1F46-406E-BD62-46602A35F0FD}.Release|x64.Build.0 = Release|x64
		{B7FED988-1F46-406E-BD62-46602A35F0FD}.Release|x86.ActiveCfg = Release|Win32
		{B7FED988-1F46-406E-BD62-46602A35F0FD}.Release|x86.Build.0 = Release|Win32
		{0FA61355-73A5-44CF-974F-C87BB5F67442}.Debug|x64.ActiveCfg = Debug|x64
		{0FA61355-73A5-44CF-974F-C87BB5F67442}.Debug|x64.Build.0 = Debug|x64
		{0FA61355-73A5-44CF-974F-C87BB5F67442}.Debug|x86.ActiveCfg = Debug|Win32
		{0FA61355-73A5-44CF-974F-C87BB5F67442}.Debug|x86.Build.0 = Debug|Win32
		{0FA61355-73A5-44CF-974F-C87BB5F67442}.Release|x64.ActiveCfg = Release|x64
		{0FA61355-73A5-44CF-974F-C87BB5F67442}.Release|x64.Build.0 = Release|x64
		{0FA61355-73A5-44CF-974F-C87BB5F67442}.Release|x86.ActiveCfg = Release|Win32
		{0FA61355-73A5-44CF-974F-C87BB5F67442}.Release|x86.Build.0 = Release|Win32
		{326F3469-E838-4039-B51D-2DF8E2B8F878}.Debug|x64.ActiveCfg = Debug|x64
		{326F3469-E838-4039-B51D-2DF8E2B8F878}.Debug|x64.Build.0 = Debug|x64
		{326F3469-E838-4039-B51D-2DF8E2B8F878}.Debug|x86.ActiveCfg = Debug|Win32
		{326F3469-E838-4039-B51D-2DF8E2B8F878}.Debug|x86.Build.0 = Debug|Win32
		{326F3469-E838-4039-B51D-2DF8E2B8F878}.Release|x64.ActiveCfg = Release|x64
		{326F3469-E838-4039-B51D-2DF8E2B8F878}.Release|x64.Build.0 = Release|x64
		{326F3469-E838-4039-B51D-2DF8E2B8F878}.Release|x86.ActiveCfg = Release|Win32
		{326F3469-E838-4039-B51D-2DF8E2B8F878}.Release|x86.Build.0 = Release|Win32
		{6EA0F3C7-2B55-41C7-B2EA-E659EF554CB8}.Debug|x64.ActiveCfg = Debug|x64
		{6EA0F3C7-2B55-41C7-B2EA-E659EF554CB8}.Debug|x64.Build.0 = Debug|x64
		{6EA0F3C7-2B55-41C7-B2EA-E659EF554CB8}.Debug|x86.ActiveCfg = Debug|Win32
		{6EA0F3C7-2B55-41C7-B2EA-E659EF554CB8}.Debug|x86.Build.0 = Debug|Win32
		{6EA0F3C7-2B55-41C7-B2EA-E659EF554CB8}.Release|x64.ActiveCfg = Release|x64
		{6EA0F3C7-2B55-41C7-B2EA-E659EF554CB8}.Release|x64.Build.0 = Release|x64
		{6EA0F3C7-2B55-41C7-B2EA-E659EF554CB8}.Release|x86.ActiveCfg = Release|Win32
		{6EA0F3C7-2B55-41C7-B2EA-E659EF554CB8}.Release|x86.Build.0 = Release|Win32
		{65D2E84F-C9FA-4B98-8298-FB564E06628D}.Debug|x64.ActiveCfg = Debug|x64
		{65D2E84F-C9FA-4B98-8298-FB564E06628D}.Debug|x64.Build.0 = Debug|x64
		{65D2E84F-C9FA-4B98-8298-FB564E06628D}.Debug|x86.ActiveCfg = Debug|Win32
		{65D2E84F-C9FA-4B98-8298-FB564E06628D}.Debug|x86.Build.0 = Debug|Win32
		{65D2E84F-C9FA-4B98-8298-FB564E06628D}.Release|x64.ActiveCfg = Release|x64
		{65D2E84F-C9FA-4B98-8298-FB564E06628D}.Release|x64.Build.0 = Release|x64
		{65D2E84F-C9FA-4B98-8298-FB564E06628D}.Release|x86.ActiveCfg = Release|Win32
		{65D2E84F-C9FA-4B98-8298-FB564E06628D}.Release|x86.Build.0 = Release|Win32
		{92D46E2D-23EA-4142-A643-7B447A567D8D}.Debug|x64.ActiveCfg = Debug|x64
		{92D46E2D-23EA-4142-A643-7B447A567D8D}.Debug|x64.Build.0 = Debug|x64
		{92D46E2D-23EA-4142-A643-7B447A567D8D}.Debug|x86.ActiveCfg = Debug|Win32
		{92D46E2D-23EA-4142-A643-7B447A567D8D}.Debug|x86.Build.0 = Debug|Win32
		{92D46E2D-23EA-4142-A643-7B447A567D8D}.Release|x64.ActiveCfg = Release|x64
		{92D46E2D-23EA-4142-A643-7B447A567D8D}.Release|x64.Build.0 = Release|x64
		{92D46E2D-23EA-4142-A643-7B447A567D8D}.Release|x86.ActiveCfg = Release|Win32
		{92D46E2D-23EA-4142-A643-7B447A567D8D}.Release|x86.Build.0 = Release|Win32
		{F205BDE2-815A-4209-A460-640421E86EDC}.Debug|x64.ActiveCfg = Debug|x64
		{F205BDE2-815A-4209-A460-640421E86EDC}.Debug|x64.Build.0 = Debug|x64
		{F205BDE2-815A-4209-A460-640421E86EDC}.Debug|x86.ActiveCfg = Debug|Win32
		{F205BDE2-815A-4209-A460-640421E86EDC}.Debug|x86.Build.0 = Debug|Win32
		{F205BDE2-815A-4209-A460-640421E86EDC}.Release|x64.ActiveCfg = Release|x64
		{F205BDE2-815A-4209-A460-640421E86EDC}.Release|x64.Build.0 = Release|x64
		{F205BDE2-815A-4209-A460-640421E86EDC}.Release|x86.ActiveCfg = Release|Win32
		{F205BDE2-815A-4209-A460-640421E86EDC}.Release|x86.Build.0 = Release|Win32
		{9DB64834-EAC0-46C1-BD89-98D1D22376ED}.Debug|x64.ActiveCfg = Debug|x64
		{9DB64834-EAC0-46C1-BD89-98D1D22376ED}.Debug|x64.Build.0 = Debug|x64
		{9DB64834-EAC0-46C1-BD89-98D1D22376ED}.Debug|x86.ActiveCfg = Debug|Win32
		{9DB64834-EAC0-46C1-BD89-98D1D22376ED}.Debug|x86.Build.0 = Debug|Win32
		{9DB64834-EAC0-46C1-BD89-98D1D22376ED}.Release|x64.ActiveCfg = Release|x64
		{9DB64834-EAC0-46C1-BD89-98D1D22376ED}.Release|x64.Build.0 = Release|x64
		{9DB64834-EAC0-46C1-BD89-98D1D22376ED}.Release|x86.ActiveCfg = Release|Win32
		{9DB64834-EAC0-46C1-BD89-98D1D22376ED}.Release|x86.Build.0 = Release|Win32
		{91299AC9-5BE6-49DE-AA5D-3DF2E77EFFBC}.Debug|x64.ActiveCfg = Debug|x64
		{91299AC9-5BE6-49DE-AA5D-3DF2E77EFFBC}.Debug|x64.Build.0 = Debug|x64
		{91299AC9-5BE6-49DE-AA5D-3DF2E77EFFBC}.Debug|x86.ActiveCfg = Debug|Win32
		{91299AC9-5BE6-49DE-AA5D-3DF2E77EFFBC}.Debug|x86.Build.0 = Debug|Win32
		{91299AC9-5BE6-49DE-AA5D-3DF2E77EFFBC}.Release|x64.ActiveCfg = Release|x64
		{91299AC9-5BE6-49DE-AA5D-3DF2E77EFFBC}.Release|x64.Build.0 = Release|x64
		{91299AC9-5BE6-49DE-AA5D-3DF2E77EFFBC}.Release|x86.ActiveCfg = Release|Win32
		{91299AC9-5BE6-49DE-AA5D-3DF2E77EFFBC}.Release|x86.Build.0 = Release|Win32
		{710B5D98-8322-4472-8438-C6BE570531A6}.Debug|x64.ActiveCfg = Debug|x64
		{710B5D98-8322-4472-8438-C6BE570531A6}.Debug|x64.Build.0 = Debug|x64
		{710B5D98-8322-4472-8438-C6BE570531A6}.Debug|x86.ActiveCfg = Debug|Win32
		{710B5D98-8322-4472-8438-C6BE570531A6}.Debug|x86.Build.0 = Debug|Win32
		{710B5D98-8322-4472-8438-C6BE570531A6}.Release|x64.ActiveCfg = Release|x64
		{710B5D98-8322-4472-8438-C6BE570531A6}.Release|x64.Build.0 = Release|x64
		{710B5D98-8322-4472-8438-C6BE570531A6}.Release|x86.ActiveCfg = Release|Win32
		{710B5D98-8322-4472-8438-C6BE570531A6}.Release|x86.Build.0 = Release|Win32
		{244F6B86-ECE2-4AAB-BFF9-69142994727B}.Debug|x64.ActiveCfg = Debug|x64
		{244F6B86-ECE2-4AAB-BFF9-69142994727B}.Debug|x64.Build.0 = Debug|x64
		{244F6B86-ECE2-4AAB-BFF9-69142994727B}.Debug|x86.ActiveCfg = Debug|Win32
		{244F6B86-ECE2-4AAB-BFF9-69142994727B}.Debug|x86.Build.0 = Debug|Win32
		{244F6B86-ECE2-4AAB-BFF9-69142994727B}.Release|x64.ActiveCfg = Release|x64
		{244F6B86-ECE2-4AAB-BFF9-69142994727B}.Release|x64.Build.0 = Release|x64
		{244F6B86-ECE2-4AAB-BFF9-69142994727B}.Release|x86.ActiveCfg = Release|Win32
		{244F6B86-ECE2-4AAB-BFF9-69142994727B}.Release|x86.Build.0 = Release|Win32
		{7B02F8B6-6B6C-4149-82C5-D59FE6B6B5FD}.Debug|x64.ActiveCfg = Debug|x64
		{7B02F8B6-6B6C-4149-82C5-D59FE6B6B5FD}.Debug|x64.Build.0 = Debug|x64
		{7B02F8B6-6B6C-4149-82C5-D59FE6B6B5FD}.Debug|x86.ActiveCfg = Debug|Win32
		{7B02F8B6-6B6C-4149-82C5-D59FE6B6B5FD}.Debug|x86.Build.0 = Debug|Win32
		{7B02F8B6-6B6C-4149-82C5-D59FE6B6B5FD}.Release|x64.ActiveCfg = Release|x64
		{7B02F8B6-6B6C-4149-82C5-D59FE6B6B5FD}.Release|x64.Build.0 = Release|x64
		{7B02F8B6-6B6C-4149-82C5-D59FE6B6B5FD}.Release|x86.ActiveCfg = Release|Win32
		{7B02F8B6-6B6C-4149-82C5-D59FE6B6B5FD}.Release|x86.Build.0 = Release|Win32
		{7AD2BAC3-8F90-4B72-A9DC-73CA72A986A2}.Debug|x64.ActiveCfg = Debug|x64
		{7AD2BAC3-8F90-4B72-A9DC-73CA72A986A2}.Debug|x64.Build.0 = Debug|x64
		{7AD2BAC3-8F90-4B72-A9DC-73CA72A986A2}.Debug|x86.ActiveCfg = Debug|Win32
		{7AD2BAC3-8F90-4B72-A9DC-73CA72A986A2}.Debug|x86.Build.0 = Debug|Win32
		{7AD2BAC3-8F90-4B72-A9DC-73CA72A986A2}.Release|x64.ActiveCfg = Release|x64
		{7AD2BAC3-8F90-4B72-A9DC-73CA72A986A2}.Release|x64.Build.0 = Release|x64
		{7AD2BAC3-8F90-4B72-A9DC-73CA72A986A2}.Release|x86.ActiveCfg = Release|Win32
		{7AD2BAC3-8F90-4B72-A9DC-73CA72A986A2}.Release|x86.Build.0 = Release|Win32
		{E855D68B-79CA-4950-9B8B-A5431094C101}.Debug|x64.ActiveCfg = Debug|x64
		{E855D68B-79CA-4950-9B8B-A5431094C101}.Debug|x64.Build.0 = Debug|x64
		{E855D68B-79CA-4950-9B8B-A5431094C101}.Debug|x86.ActiveCfg = Debug|Win32
		{E855D68B-79CA-4950-9B8B-A5431094C101}.Debug|x86.Build.0 = Debug|Win32
		{E855D68B-79CA-4950-9B8B-A5431094C101}.Release|x64.ActiveCfg = Release|x64
		{E855D68B-79CA-4950-9B8B-A5431094C101}.Release|x64.Build.0 = Release|x64
		{E855D68B-79CA-4950-9B8B-A5431094C101}.Release|x86.ActiveCfg = Release|Win32
		{E855D68B-79CA-4950-9B8B-A5431094C101}.Release|x86.Build.0 = Release|Win32
		{636F369D-1CD1-4779-82BB-70AEBEBED973}.Debug|x64.ActiveCfg = Debug|x64
		{636F369D-1CD1-4779-82BB-70AEBEBED973}.Debug|x64.Build.0 = Debug|x64
		{636F369D-1CD1-4779-82BB-70AEBEBED973}.Debug|x86.ActiveCfg = Debug|Win32
		{636F369D-1CD1-4779-82BB-70AEBEBED973}.Debug|x86.Build.0 = Debug|Win32
		{636F369D-1CD1-4779-82BB-70AEBEBED973}.Release|x64.ActiveCfg = Release|x64
		{636F369D-1CD1-4779-82BB-70AEBEBED973}.Release|x64.Build.0 = Release|x64
		{636F369D-1CD1-4779-82BB-70AEBEBED973}.Release|x86.ActiveCfg = Release|Win32
		{636F369D-1CD1-4779-82BB-70AEBEBED973}.Release|x86.Build.0 = Release|Win32
		{29D5D5FC-EF64-45CB-BD9D-3C8E085489EC}.Debug|x64.ActiveCfg = Debug|x64
		{29D5D5FC-EF64-45CB-BD9D-3C8E085489EC}.Debug|x64.Build.0 = Debug|x64
		{29D5D5FC-EF64-45CB-BD9D-3C8E085489EC}.Debug|x86.ActiveCfg = Debug|Win32
		{29D5D5FC-EF64-45CB-BD9D-3C8E085489EC}.Debug|x86.Build.0 = Debug|Win32
		{29D5D5FC-EF64-45CB-BD9D-3C8E085489EC}.Release|x64.ActiveCfg = Release|x64
		{29D5D5FC-EF64-45CB-BD9D-3C8E085489EC}.Release|x64.Build.0 = Release|x64
		{29D5D5FC-EF64-45CB-BD9D-3C8E085489EC}.Release|x86.ActiveCfg = Release|Win32
		{29D5D5FC-EF64-45CB-BD9D-3C8E085489EC}.Release|x86.Build.0 = Release|Win32
		{F5D11FBC-A923-4132-810E-926E47B92037}.Debug|x64.ActiveCfg = Debug|x64
		{F5D11FBC-A923-4132-810E-926E47B92037}.Debug|x64.Build.0 = Debug|x64
		{F5D11FBC-A923-4132-810E-926E47B92037}.Debug|x86.ActiveCfg = Debug|Win32
		{F5D11FBC-A923-4132-810E-926E47B92037}.Debug|x86.Build.0 = Debug|Win32
		{F5D11FBC-A923-4132-810E-926E47B92037}.Release|x64.ActiveCfg = Release|x64
		{F5D11FBC-A923-4132-810E-926E47B92037}.Release|x64.Build.0 = Release|x64
		{F5D11FBC-A923-4132-810E-926E47B92037}.Release|x86.ActiveCfg = Release|Win32
		{F5D11FBC-A923-4132-810E-926E47B92037}.Release|x86.Build.0 = Release|Win32
		{EEDC989E-3902-4C74-943C-C0D8A0032343}.Debug|x64.ActiveCfg = Debug|x64
		{EEDC989E-3902-4C74-943C-C0D8A0032343}.Debug|x64.Build.0 = Debug|x64
		{EEDC989E-3902-4C74-943C-C0D8A0032343}.Debug|x86.ActiveCfg = Debug|Win32
		{EEDC989E-3902-4C74-943C-C0D8A0032343}.Debug|x86.Build.0 = Debug|Win32
		{EEDC989E-3902-4C74-943C-C0D8A0032343}.Release|x64.ActiveCfg = Release|x64
		{EEDC989E-3902-4C74-943C-C0D8A0032343}.Release|x64.Build.0 = Release|x64
		{EEDC989E-3902-4C74-943C-C0D8A0032343}.Release|x86.ActiveCfg = Release|Win32
		{EEDC989E-3902-4C74-943C-C0D8A0032343}.Release|x86.Build.0 = Release|Win32
		{C6F18E01-0918-49D2-BF12-7FD18C036D6F}.Debug|x64.ActiveCfg = Debug|x64
		{C6F18E01-0918-49D2-BF12-7FD18C036D6F}.Debug|x64.Build.0 = Debug|x64
		{C6F18E01-0918-49D2-BF12-7FD18C036D6F}.Debug|x86.ActiveCfg = Debug|Win32
		{C6F18E01-0918-49D2-BF12-7FD18C036D6F}.Debug|x86.Build.0 = Debug|Win32
		{C6F18E01-0918-49D2-BF12-7FD18C036D6F}.Release|x64.ActiveCfg = Release|x64
		{C6F18E01-0918-49D2-BF12-7FD18C036D6F}.Release|x64.Build.0 = Release|x64
		{C6F18E01-0918-49D2-BF12-7FD18C036D6F}.Release|x86.ActiveCfg = Release|Win32
		{C6F18E01-0918-49D2-BF12-7FD18C036D6F}.Release|x86.Build.0 = Release|Win32
		{F5E67072-D3F0-4AEF-B46A-FA01AD22BA6E}.Debug|x64.ActiveCfg = Debug|x64
		{F5E67072-D3F0-4AEF-B46A-FA01AD22BA6E}.Debug|x64.Build.0 = Debug|x64
		{F5E67072-D3F0-4AEF-B46A-FA01AD22BA6E}.Debug|x86.ActiveCfg = Debug|Win32
		{F5E67072-D3F0-4AEF-B46A-FA01AD22BA6E}.Debug|x86.Build.0 = Debug|Win32
		{F5E67072-D3F0-4AEF-B46A-FA01AD22BA6E}.Release|x64.ActiveCfg = Release|x64
		{F5E67072-D3F0-4AEF-B46A-FA01AD22BA6E}.Release|x64.Build.0 = Release|x64
		{F5E67072-D3F0-4AEF-B46A-FA01AD22BA6E}.Release|x86.ActiveCfg = Release|Win32
		{F5E67072-D3F0-4AEF-B46A-FA01AD22BA6E}.Release|x86.Build.0 = Release|Win32
		{6BF0AC97-5A7E-4DD8-A3CD-2AD15AFEACAD}.Debug|x64.ActiveCfg = Debug|x64
		{6BF0AC97-5A7E-4DD8-A3CD-2AD15AFEACAD}.Debug|x64.Build.0 = Debug|x64
		{6BF0AC97-5A7E-4DD8-A3CD-2AD15AFEACAD}.Debug|x86.ActiveCfg = Debug|Win32
		{6BF0AC97-5A7E-4DD8-A3CD-2AD15AFEACAD}.Debug|x86.Build.0 = Debug|Win32
		{6BF0AC97-5A7E-4DD8-A3CD-2AD15AFEACAD}.Release|x64.ActiveCfg = Release|x64
		{6BF0AC97-5A7E-4DD8-A3CD-2AD15AFEACAD}.Release|x64.Build.0 = Release|x64
		{6BF0AC97-5A7E-4DD8-A3CD-2AD15AFEACAD}.Release|x86.ActiveCfg = Release|Win32
		{6BF0AC97-5A7E-4DD8-A3CD-2AD15AFEACAD}.Release|x86.Build.0 = Release|Win32
		{7A2B9DEC-72E6-450F-B263-CA9814B2A321}.Debug|x64.ActiveCfg = Debug|x64
		{7A2B9DEC-72E6-450F-B263-CA9814B2A321}.Debug|x64.Build.0 = Debug|x64
		{7A2B9DEC-72E6-450F-B263-CA9814B2A321}.Debug|x86.ActiveCfg = Debug|Win32
		{7A2B9DEC-72E6-450F-B263-CA9814B2A321}.Debug|x86.Build.0 = Debug|Win32
		{7A2B9DEC-72E6-450F-B263-CA9814B2A321}.Release|x64.ActiveCfg = Release|x64
		{7A2B9DEC-72E6-450F-B263-CA9814B2A321}.Release|x64.Build.0 = Release|x64
		{7A2B9DEC-72E6-450F-B263-CA9814B2A321}.Release|x86.ActiveCfg = Release|Win32
		{7A2B9DEC-72E6-450F-B263-CA9814B2A321}.Release|x86.Build.0 = Release|Win32
		{E0A06CAA-8BD3-4C92-AA44-4FF5192AE96A}.Debug|x64.ActiveCfg = Debug|x64
		{E0A06CAA-8BD3-4C92-AA44-4FF5192AE96A}.Debug|x64.Build.0 = Debug|x64
		{E0A06CAA-8BD3-4C92-AA44-4FF5192AE96A}.Debug|x86.ActiveCfg = Debug|Win32
		{E0A06CAA-8BD3-4C92-AA44-4FF5192AE96A}.Debug|x86.Build.0 = Debug|Win32
		{E0A06CAA-8BD3-4C92-AA44-4FF5192AE96A}.Release|x64.ActiveCfg = Release|x64
		{E0A06CAA-8BD3-4C92-AA44-4FF5192AE96A}.Release|x64.Build.0 = Release|x64
		{E0A06CAA-8BD3-4C92-AA44-4FF5192AE96A}.Release|x86.ActiveCfg = Release|Win32
		{E0A06CAA-8BD3-4C92-AA44-4FF5192AE96A}.Release|x86.Build.0 = Release|Win32
		{E3EA836C-D045-473D-B719-31BC83E09E97}.Debug|x64.ActiveCfg = Debug|x64
		{E3EA836C-D045-473D-B719-31BC83E09E97}.Debug|x64.Build.0 = Debug|x64
		{E3EA836C-D045-473D-B719-31BC83E09E97}.Debug|x86.ActiveCfg = Debug|Win32
		{E3EA836C-D045-473D-B719-31BC83E09E97}.Debug|x86.Build.0 = Debug|Win32
		{E3EA836C-D045-473D-B719-31BC83E09E97}.Release|x64.ActiveCfg = Release|x64
		{E3EA836C-D045-473D-B719-31BC83E09E97}.Release|x64.Build.0 = Release|x64
		{E3EA836C-D045-473D-B719-31BC83E09E97}.Release|x86.ActiveCfg = Release|Win32
		{E3EA836C-D045-473D-B719-31BC83E09E97}.Release|x86.Build.0 = Release|Win32
		{8A4E06E9-5C82-4236-B066-DF531CB9F089}.Debug|x64.ActiveCfg = Debug|x64
		{8A4E06E9-5C82-4236-B066-DF531CB9F089}.Debug|x64.Build.0 = Debug|x64
		{8A4E06E9-5C82-4236-B066-DF531CB9F089}.Debug|x86.ActiveCfg = Debug|Win32
		{8A4E06E9-5C82-4236-B066-DF531CB9F089}.Debug|x86.Build.0 = Debug|Win32
		{8A4E06E9-5C82-4236-B066-DF531CB9F089}.Release|x64.ActiveCfg = Release|x64
		{8A4E06E9-5C82-4236-B066-DF531CB9F089}.Release|x64.Build.0 = Release|x64
		{8A4E06E9-5C82-4236-B066-DF531CB9F089}.Release|x86.ActiveCfg = Release|Win32
		{8A4E06E9-5C82-4236-B066-DF531CB9F089}.Release|x86.Build.0 = Release|Win32
		{7B436562-D64A-4236-AD04-17ABDECA9787}.Debug|x64.ActiveCfg = Debug|x64
		{7B436562-D64A-4236-AD04-17ABDECA9787}.Debug|x64.Build.0 = Debug|x64
		{7B436562-D64A-4236-AD04-17ABDECA9787}.Debug|x86.ActiveCfg = Debug|Win32
		{7B436562-D64A-4236-AD04-17ABDECA9787}.Debug|x86.Build.0 = Debug|Win32
		{7B436562-D64A-4236-AD04-17ABDECA9787}.Release|x64.ActiveCfg = Release|x64
		{7B436562-D64A-4236-AD04-17ABDECA9787}.Release|x64.Build.0 = Release|x64
		{7B436562-D64A-4236-AD04-17ABDECA9787}.Release|x86.ActiveCfg = Release|Win32
		{7B436562-D64A-4236-AD04-17ABDECA9787}.Release|x86.Build.0 = Release|Win32
		{A168E5EC-E567-4719-B172-B09A9C0C417D}.Debug|x64.ActiveCfg = Debug|x64
		{A168E5EC-E567-4719-B172-B09A9C0C417D}.Debug|x64.Build.0 = Debug|x64
		{A168E5EC-E567-4719-B172-B09A9C0C417D}.Debug|x86.ActiveCfg = Debug|Win32
		{A168E5EC-E567-4719-B172-B09A9C0C417D}.Debug|x86.Build.0 = Debug|Win32
		{A168E5EC-E567-4719-B172-B09A9C0C417D}.Release|x64.ActiveCfg = Release|x64
		{A168E5EC-E567-4719-B172-B09A9C0C417D}.Release|x64.Build.0 = Release|x64
		{A168E5EC-E567-4719-B172-B09A9C0C417D}.Release|x86.ActiveCfg = Release|Win32
		{A168E5EC-E567-4719-B172-B09A9C0C417D}.Release|x86.Build.0 = Release|Win32
		{435CB76D-F996-4B90-8CA9-05145FB88827}.Debug|x64.ActiveCfg = Debug|x64
		{435CB76D-F996-4B90-8CA9-05145FB88827}.Debug|x64.Build.0 = Debug|x64
		{435CB76D-F996-4B90-8CA9-05145FB88827}.Debug|x86.ActiveCfg = Debug|Win32
		{435CB76D-F996-4B90-8CA9-05145FB88827}.Debug|x86.Build.0 = Debug|Win32
		{435CB76D-F996-4B90-8CA9-05145FB88827}.Release|x64.ActiveCfg = Release|x64
		{435CB76D-F996-4B90-8CA9-05145FB88827}.Release|x64.Build.0 = Release|x64
		{435CB76D-F996-4B90-8CA9-05145FB88827}.Release|x86.ActiveCfg = Release|Win32
		{435CB76D-F996-4B90-8CA9-05145FB88827}.Release|x86.Build.0 = Release|Win32
		{F409675B-2F73-4D8D-9396-D492637F2346}.Debug|x64.ActiveCfg = Debug|x64
		{F409675B-2F73-4D8D-9396-D492637F2346}.Debug|x64.Build.0 = Debug|x64
		{F409675B-2F73-4D8D-9396-D492637F2346}.Debug|x86.ActiveCfg = Debug|Win32
		{F409675B-2F73-4D8D-9396-D492637F2346}.Debug|x86.Build.0 = Debug|Win32
		{F409675B-2F73-4D8D-9396-D492637F2346}.Release|x64.ActiveCfg = Release|x64
		{F409675B-2F73-4D8D-9396-D492637F2346}.Release|x64.Build.0 = Release|x64
		{F409675B-2F73-4D8D-9396-D492637F2346}.Release|x86.ActiveCfg = Release|Win32
		{F409675B-2F73-4D8D-9396-D492637F2346}.Release|x86.Build.0 = Release|Win32
		{9241C41B-C0E7-4D8F-AA8A-67495D9396CD}.Debug|x64.ActiveCfg = Debug|x64
		{9241C41B-C0E7-4D8F-AA8A-67495D9396CD}.Debug|x64.Build.0 = Debug|x64
		{9241C41B-C0E7-4D8F-AA8A-67495D9396CD}.Debug|x86.ActiveCfg = Debug|Win32
		{9241C41B-C0E7-4D8F-AA8A-67495D9396CD}.Debug|x86.Build.0 = Debug|Win32
		{9241C41B-C0E7-4D8F-AA8A-67495D9396CD}.Release|x64.ActiveCfg = Release|x64
		{9241C41B-C0E7-4D8F-AA8A-67495D9396CD}.Release|x64.Build.0 = Release|x64
		{9241C41B-C0E7-4D8F-AA8A-67495D9396CD}.Release|x86.ActiveCfg = Release|Win32
		{9241C41B-C0E7-4D8F-AA8A-67495D9396CD}.Release|x86.Build.0 = Release|Win32
		{36D4AADF-C3BD-444D-92C9-853DD6EB79DA}.Debug|x64.ActiveCfg = Debug|x64
		{36D4AADF-C3BD-444D-92C9-853DD6EB79DA}.Debug|x64.Build.0 = Debug|x64
		{36D4AADF-C3BD-444D-92C9-853DD6EB79DA}.Debug|x86.ActiveCfg = Debug|Win32
		{36D4AADF-C3BD-444D-92C9-853DD6EB79DA}.Debug|x86.Build.0 = Debug|Win32
		{36D4AADF-C3BD-444D-92C9-853DD6EB79DA}.Release|x64.ActiveCfg = Release|x64
		{36D4AADF-C3BD-444D-92C9-853DD6EB79DA}.Release|x64.Build.0 = Release|x64
		{36D4AADF-C3BD-444D-92C9-853DD6EB79DA}.Release|x86.ActiveCfg = Release|Win32
		{36D4AADF-C3BD-444D-92C9-853DD6EB79DA}.Release|x86.Build.0 = Release|Win32
		{88DF4430-9990-4CE1-9A65-3BD7D0D608E2}.Debug|x64.ActiveCfg = Debug|x64
		{88DF4430-9990-4CE1-9A65-3BD7D0D608E2}.Debug|x64.Build.0 = Debug|x64
		{88DF4430-9990-4CE1-9A65-3BD7D0D608E2}.Debug|x86.ActiveCfg = Debug|Win32
		{88DF4430-9990-4CE1-9A65-3BD7D0D608E2}.Debug|x86.Build.0 = Debug|Win32
		{88DF4430-9990-4CE1-9A65-3BD7D0D608E2}.Release|x64.ActiveCfg = Release|x64
		{88DF4430-9990-4CE1-9A65-3BD7D0D608E2}.Release|x64.Build.0 = Release|x64
		{88DF4430-9990-4CE1-9A65-3BD7D0D608E2}.Release|x86.ActiveCfg = Release|Win32
		{88DF4430-9990-4CE1-9A65-3BD7D0D608E2}.Release|x86.Build.0 = Release|Win32
		{2B7A1F77-3D33-4DEE-AD2E-5034C9678EFF}.Debug|x64.ActiveCfg = Debug|x64
		{2B7A1F77-3D33-4DEE-AD2E-5034C9678EFF}.Debug|x64.Build.0 = Debug|x64
		{2B7A1F77-3D33-4DEE-AD2E-5034C9678EFF}.Debug|x86.ActiveCfg = Debug|Win32
		{2B7A1F77-3D33-4DEE-AD2E-5034C9678EFF}.Debug|x86.Build.0 = Debug|Win32
		{2B7A1F77-3D33-4DEE-AD2E-5034C9678EFF}.Release|x64.ActiveCfg = Release|x64
		{2B7A1F77-3D33-4DEE-AD2E-5034C9678EFF}.Release|x64.Build.0 = Release|x64
		{2B7A1F77-3D33-4DEE-AD2E-5034C9678EFF}.Release|x86.ActiveCfg = Release|Win32
		{2B7A1F77-3D33-4DEE-AD2E-5034C9678EFF}.Release|x86.Build.0 = Release|Win32
		{B4E241EB-8A2F-4CBB-8A81-D7BF5029FFEC}.Debug|x64.ActiveCfg = Debug|x64
		{B4E241EB-8A2F-4CBB-8A81-D7BF5029FFEC}.Debug|x64.Build.0 = Debug|x64
		{B4E241EB-8A2F-4CBB-8A81-D7BF5029FFEC}.Debug|x86.ActiveCfg = Debug|Win32
		{B4E241EB-8A2F-4CBB-8A81-D7BF5029FFEC}.Debug|x86.Build.0 = Debug|Win32
		{B4E241EB-8A2F-4CBB-8A81-D7BF5029FFEC}.Release|x64.ActiveCfg = Release|x64
		{B4E241EB-8A2F-4CBB-8A81-D7BF5029FFEC}.Release|x64.Build.0 = Release|x64
		{B4E241EB-8A2F-4CBB-8A81-D7BF5029FFEC}.Release|x86.ActiveCfg = Release|Win32
		{B4E241EB-8A2F-4CBB-8A81-D7BF5029FFEC}.Release|x86.Build.0 = Release|Win32
		{8E60D79D-09F7-48AA-AF24-B750D967D51D}.Debug|x64.ActiveCfg = Debug|x64
		{8E60D79D-09F7-48AA-AF24-B750D967D51D}.Debug|x64.Build.0 = Debug|x64
		{8E60D79D-09F7-48AA-AF24-B750D967D51D}.Debug|x86.ActiveCfg = Debug|Win32
		{8E60D79D-09F7-48AA-AF24-B750D967D51D}.Debug|x86.Build.0 = Debug|Win32
		{8E60D79D-09F7-48AA-AF24-B750D967D51D}.Release|x64.ActiveCfg = Release|x64
		{8E60D79D-09F7-48AA-AF24-B750D967D51D}.Release|x64.Build.0 = Release|x64
		{8E60D79D-09F7-48AA-AF24-B750D967D51D}.Release|x86.ActiveCfg = Release|Win32
		{8E60D79D-09F7-48AA-AF24-B750D967D51D}.Release|x86.Build.0 = Release|Win32
		{CA4A9A26-FB62-4B76-9E22-B79FFC2C3958}.Debug|x64.ActiveCfg = Debug|x64
		{CA4A9A26-FB62-4B76-9E22-B79FFC2C3958}.Debug|x64.Build.0 = Debug|x64
		{CA4A9A26-FB62-4B76-9E22-B79FFC2C3958}.Debug|x86.ActiveCfg = Debug|Win32
		{CA4A9A26-FB62-4B76-9E22-B79FFC2C3958}.Debug|x86.Build.0 = Debug|Win32
		{CA4A9A26-FB62-4B76-9E22-B79FFC2C3958}.Release|x64.ActiveCfg = Release|x64
		{CA4A9A26-FB62-4B76-9E22-B79FFC2C3958}.Release|x64.Build.0 = Release|x64
		{CA4A9A26-FB62-4B76-9E22-B79FFC2C3958}.Release|x86.ActiveCfg = Release|Win32
		{CA4A9A26-FB62-4B76-9E22-B79FFC2C3958}.Release|x86.Build.0 = Release|Win32
		{4A1129EE-0FE4-4BA4-B20B-8E4AC5357A6E}.Debug|x64.ActiveCfg = Debug|x64
		{4A1129EE-0FE4-4BA4-B20B-8E4AC5357A6E}.Debug|x64.Build.0 = Debug|x64
		{4A1129EE-0FE4-4BA4-B20B-8E4AC5357A6E}.Debug|x86.ActiveCfg = Debug|Win32
		{4A1129EE-0FE4-4BA4-B20B-8E4AC5357A6E}.Debug|x86.Build.0 = Debug|Win32
		{4A1129EE-0FE4-4BA4-B20B-8E4AC5357A6E}.Release|x64.ActiveCfg = Release|x64
		{4A1129EE-0FE4-4BA4-B20B-8E4AC5357A6E}.Release|x64.Build.0 = Release|x64
		{4A1129EE-0FE4-4BA4-B20B-8E4AC5357A6E}.Release|x86.ActiveCfg = Release|Win32
		{4A1129EE-0FE4-4BA4-B20B-8E4AC5357A6E}.Release|x86.Build.0 = Release|Win32
		{D8F7BA75-879C-4C4F-9E19-91C743F3A250}.Debug|x64.ActiveCfg = Debug|x64
		{D8F7BA75-879C-4C4F-9E19-91C743F3A250}.Debug|x64.Build.0 = Debug|x64
		{D8F7BA75-879C-4C4F-9E19-91C743F3A250}.Debug|x86.ActiveCfg = Debug|Win32
		{D8F7BA75-879C-4C4F-9E19-91C743F3A250}.Debug|x86.Build.0 = Debug|Win32
		{D8F7BA75-879C-4C4F-9E19-91C743F3A250}.Release|x64.ActiveCfg = Release|x64
		{D8F7BA75-879C-4C4F-9E19-91C743F3A250}.Release|x64.Build.0 = Release|x64
		{D8F7BA75-879C-4C4F-9E19-91C743F3A250}.Release|x86.ActiveCfg = Release|Win32
		{D8F7BA75-879C-4C4F-9E19-91C743F3A250}.Release|x86.Build.0 = Release|Win32
		{B151EF46-925C-4B6C-BE7B-E8EED4CA8E23}.Debug|x64.ActiveCfg = Debug|x64
		{B151EF46-925C-4B6C-BE7B-E8EED4CA8E23}.Debug|x64.Build.0 = Debug|x64
		{B151EF46-925C-4B6C-BE7B-E8EED4CA8E23}.Debug|x86.ActiveCfg = Debug|Win32
		{B151EF46-925C-4B6C-BE7B-E8EED4CA8E23}.Debug|x86.Build.0 = Debug|Win32
		{B151EF46-925C-4B6C-BE7B-E8EED4CA8E23}.Release|x64.ActiveCfg = Release|x64
		{B151EF46-925C-4B6C-BE7B-E8EED4CA8E23}.Release|x64.Build.0 = Release|x64
		{B151EF46-925C-4B6C-BE7B-E8EED4CA8E23}.Release|x86.ActiveCfg = Release|Win32
		{B151EF46-925C-4B6C-BE7B-E8EED4CA8E23}.Release|x86.Build.0 = Release|Win32
		{247AB22C-1818-46D5-B926-EF8162BD0B03}.Debug|x64.ActiveCfg = Debug|x64
		{247AB22C-1818-46D5-B926-EF8162BD0B03}.Debug|x64.Build.0 = Debug|x64
		{247AB22C-1818-46D5-B926-EF8162BD0B03}.Debug|x86.ActiveCfg = Debug|Win32
		{247AB22C-1818-46D5-B926-EF8162BD0B03}.Debug|x86.Build.0 = Debug|Win32
		{247AB22C-1818-46D5-B926-EF8162BD0B03}.Release|x64.ActiveCfg = Release|x64
		{247AB22C-1818-46D5-B926-EF8162BD0B03}.Release|x64.Build.0 = Release|x64
		{247AB22C-1818-46D5-B926-EF8162BD0B03}.Release|x86.ActiveCfg = Release|Win32
		{247AB22C-1818-46D5-B926-EF8162BD0B03}.Release|x86.Build.0 = Release|Win32
		{6CBC8CBC-CF72-46AF-A0AC-4F5C9BD821EB}.Debug|x64.ActiveCfg = Debug|x64
		{6CBC8CBC-CF72-46AF-A0AC-4F5C9BD821EB}.Debug|x64.Build.0 = Debug|x64
		{6CBC8CBC-CF72-46AF-A0AC-4F5C9BD821EB}.Debug|x86.ActiveCfg = Debug|Win32
		{6CBC8CBC-CF72-46AF-A0AC-4F5C9BD821EB}.Debug|x86.Build.0 = Debug|Win32
		{6CBC8CBC-CF72-46AF-A0AC-4F5C9BD821EB}.Release|x64.ActiveCfg = Release|x64
		{6CBC8CBC-CF72-46AF-A0AC-4F5C9BD821EB}.Release|x64.Build.0 = Release|x64
		{6CBC8CBC-CF72-46AF-A0AC-4F5C9BD821EB}.Release|x86.ActiveCfg = Release|Win32
		{6CBC8CBC-CF72-46AF-A0AC-4F5C9BD821EB}.Release|x86.Build.0 = Release|Win32
		{0B280CCA-534C-429F-A72D-BD48721556B6}.Debug|x64.ActiveCfg = Debug|x64
		{0B280CCA-534C-429F-A72D-BD48721556B6}.Debug|x64.Build.0 = Debug|x64
		{0B280CCA-534C-429F-A72D-BD48721556B6}.Debug|x86.ActiveCfg = Debug|Win32
		{0B280CCA-534C-429F-A72D-BD48721556B6}.Debug|x86.Build.0 = Debug|Win32
		{0B280CCA-534C-429F-A72D-BD48721556B6}.Release|x64.ActiveCfg = Release|x64
		{0B280CCA-534C-429F-A72D-BD48721556B6}.Release|x64.Build.0 = Release|x64
		{0B280CCA-534C-429F-A72D-BD48721556B6}.Release|x86.ActiveCfg = Release|Win32
		{0B280CCA-534C-429F-A72D-BD48721556B6}.Release|x86.Build.0 = Release|Win32
		{8453FB04-1FBE-44B5-98E6-CCC94CCFBDB7}.Debug|x64.ActiveCfg = Debug|x64
		{8453FB04-1FBE-44B5-98E6-CCC94CCFBDB7}.Debug|x64.Build.0 = Debug|x64
		{8453FB04-1FBE-44B5-98E6-CCC94CCFBDB7}.Debug|x86.ActiveCfg = Debug|Win32
		{8453FB04-1FBE-44B5-98E6-CCC94CCFBDB7}.Debug|x86.Build.0 = Debug|Win32
		{8453FB04-1FBE-44B5-98E6-CCC94CCFBDB7}.Release|x64.ActiveCfg = Release|x64
		{8453FB04-1FBE-44B5-98E6-CCC94CCFBDB7}.Release|x64.Build.0 = Release|x64
		{8453FB04-1FBE-44B5-98E6-CCC94CCFBDB7}.Release|x86.ActiveCfg = Release|Win32
		{8453FB04-1FBE-44B5-98E6-CCC94CCFBDB7}.Release|x86.Build.0 = Release|Win32
		{35BA1C20-CFFA-4315-AF26-60EF036F175E}.Debug|x64.ActiveCfg = Debug|x64
		{35BA1C20-CFFA-4315-AF26-60EF036F175E}.Debug|x64.Build.0 = Debug|x64
		{35BA1C20-CFFA-4315-AF26-60EF036F175E}.Debug|x86.ActiveCfg = Debug|Win32
		{35BA1C20-CFFA-4315-AF26-60EF036F175E}.Debug|x86.Build.0 = Debug|Win32
		{35BA1C20-CFFA-4315-AF26-60EF036F175E}.Release|x64.ActiveCfg = Release|x64
		{35BA1C20-CFFA-4315-AF26-60EF036F175E}.Release|x64.Build.0 = Release|x64
		{35BA1C20-CFFA-4315-AF26-60EF036F175E}.Release|x86.ActiveCfg = Release|Win32
		{35BA1C20-CFFA-4315-AF26-60EF036F175E}.Release|x86.Build.0 = Release|Win32
		{50480025-3AD2-416D-8571-6B5823FF85BA}.Debug|x64.ActiveCfg = Debug|x64
		{50480025-3AD2-416D-8571-6B5823FF85BA}.Debug|x64.Build.0 = Debug|x64
		{50480025-3AD2-416D-8571-6B5823FF85BA}.Debug|x86.ActiveCfg = Debug|Win32
		{50480025-3AD2-416D-8571-6B5823FF85BA}.Debug|x86.Build.0 = Debug|Win32
		{50480025-3AD2-416D-8571-6B5823FF85BA}.Release|x64.ActiveCfg = Release|x64
		{50480025-3AD2-416D-8571-6B5823FF85BA}.Release|x64.Build.0 = Release|x64
		{50480025-3AD2-416D-8571-6B5823FF85BA}.Release|x86.ActiveCfg = Release|Win32
		{50480025-3AD2-416D-8571-6B5823FF85BA}.Release|x86.Build.0 = Release|Win32
		{E9A4CE72-3456-4204-97D1-07DB20EEA63C}.Debug|x64.ActiveCfg = Debug|x64
		{E9A4CE72-3456-4204-97D1-07DB20EEA63C}.Debug|x64.Build.0 = Debug|x64
		{E9A4CE72-3456-4204-97D1-07DB20EEA63C}.Debug|x86.ActiveCfg = Debug|Win32
		{E9A4CE72-3456-4204-97D1-07DB20EEA63C}.Debug|x86.Build.0 = Debug|Win32
		{E9A4CE72-3456-4204-97D1-07DB20EEA63C}.Release|x64.ActiveCfg = Release|x64
		{E9A4CE72-3456-4204-97D1-07DB20EEA63C}.Release|x64.Build.0 = Release|x64
		{E9A4CE72-3456-4204-97D1-07DB20EEA63C}.Release|x86.ActiveCfg = Release|Win32
		{E9A4CE72-3456-4204-97D1-07DB20EEA63C}.Release|x86.Build.0 = Release|Win32
		{EC162495-01BF-4BBA-9373-81CA3DD4D481}.Debug|x64.ActiveCfg = Debug|x64
		{EC162495-01BF-4BBA-9373-81CA3DD4D481}.Debug|x64.Build.0 = Debug|x64
		{EC162495-01BF-4BBA-9373-81CA3DD4D481}.Debug|x86.ActiveCfg = Debug|Win32
		{EC162495-01BF-4BBA-9373-81CA3DD4D481}.Debug|x86.Build.0 = Debug|Win32
		{EC162495-01BF-4BBA-9373-81CA3DD4D481}.Release|x64.ActiveCfg = Release|x64
		{EC162495-01BF-4BBA-9373-81CA3DD4D481}.Release|x64.Build.0 = Release|x64
		{EC162495-01BF-4BBA-9373-81CA3DD4D481}.Release|x86.ActiveCfg = Release|Win32
		{EC162495-01BF-4BBA-9373-81CA3DD4D481}.Release|x86.Build.0 = Release|Win32
		{955DB422-B22C-4D82-928C-D1A4707D3645}.Debug|x64.ActiveCfg = Debug|x64
		{955DB422-B22C-4D82-928C-D1A4707D3645}.Debug|x64.Build.0 = Debug|x64
		{955DB422-B22C-4D82-928C-D1A4707D3645}.Debug|x86.ActiveCfg = Debug|Win32
		{955DB422-B22C-4D82-928C-D1A4707D3645}.Debug|x86.Build.0 = Debug|Win32
		{955DB422-B22C-4D82-928C-D1A4707D3645}.Release|x64.ActiveCfg = Release|x64
		{955DB422-B22C-4D82-928C-D1A4707D3645}.Release|x64.Build.0 = Release|x64
		{955DB422-B22C-4D82-928C-D1A4707D3645}.Release|x86.ActiveCfg = Release|Win32
		{955DB422-B22C-4D82-928C-D1A4707D3645}.Release|x86.Build.0 = Release|Win32
		{1F1C98D7-28C0-4AB7-8ED4-E7BD4441729C}.Debug|x64.ActiveCfg = Debug|x64
		{1F1C98D7-28C0-4AB7-8ED4-E7BD4441729C}.Debug|x64.Build.0 = Debug|x64
		{1F1C98D7-28C0-4AB7-8ED4-E7BD4441729C}.Debug|x86.ActiveCfg = Debug|Win32
		{1F1C98D7-28C0-4AB7-8ED4-E7BD4441729C}.Debug|x86.Build.0 = Debug|Win32
		{1F1C98D7-28C0-4AB7-8ED4-E7BD4441729C}.Release|x64.ActiveCfg = Release|x64
		{1F1C98D7-28C0-4AB7-8ED4-E7BD4441729C}.Release|x64.Build.0 = Release|x64
		{1F1C98D7-28C0-4AB7-8ED4-E7BD4441729C}.Release|x86.ActiveCfg = Release|Win32
		{1F1C98D7-28C0-4AB7-8ED4-E7BD4441729C}.Release|x86.Build.0 = Release|Win32
		{CFAF1DF9-C664-4268-94EE-21088EB3DDC5}.Debug|x64.ActiveCfg = Debug|x64
		{CFAF1DF9-C664-4268-94EE-21088EB3DDC5}.Debug|x64.Build.0 = Debug|x64
		{CFAF1DF9-C664-4268-94EE-21088EB3DDC5}.Debug|x86.ActiveCfg = Debug|Win32
		{CFAF1DF9-C664-4268-94EE-21088EB3DDC5}.Debug|x86.Build.0 = Debug|Win32
		{CFAF1DF9-C664-4268-94EE-21088EB3DDC5}.Release|x64.ActiveCfg = Release|x64
		{CFAF1DF9-C664-4268-94EE-21088EB3DDC5}.Release|x64.Build.0 = Release|x64
		{CFAF1DF9-C664-4268-94EE-21088EB3DDC5}.Release|x86.ActiveCfg = Release|Win32
		{CFAF1DF9-C664-4268-94EE-21088EB3DDC5}.Release|x86.Build.0 = Release|Win32
		{05AB3BE6-6A26-4228-91BD-9EE7445D9419}.Debug|x64.ActiveCfg = Debug|x64
		{05AB3BE6-6A26-4228-91BD-9EE7445D9419}.Debug|x64.Build.0 = Debug|x64
		{05AB3BE6-6A26-4228-91BD-9EE7445D9419}.Debug|x86.ActiveCfg = Debug|Win32
		{05AB3BE6-6A26-4228-91BD-9EE7445D9419}.Debug|x86.Build.0 = Debug|Win32
		{05AB3BE6-6A26-4228-91BD-9EE7445D9419}.Release|x64.ActiveCfg = Release|x64
		{05AB3BE6-6A26-4228-91BD-9EE7445D9419}.Release|x64.Build.0 = Release|x64
		{05AB3BE6-6A26-4228-91BD-9EE7445D9419}.Release|x86.ActiveCfg = Release|Win32
		{05AB3BE6-6A26-4228-91BD-9EE7445D9419}.Release|x86.Build.0 = Release|Win32
		{7AAAACAE-E623-4737-BC07-E18CD1BCFB2E}.Debug|x64.ActiveCfg = Debug|x64
		{7AAAACAE-E623-4737-BC07-E18CD1BCFB2E}.Debug|x64.Build.0 = Debug|x64
		{7AAAACAE-E623-4737-BC07-E18CD1BCFB2E}.Debug|x86.ActiveCfg = Debug|Win32
		{7AAAACAE-E623-4737-BC07-E18CD1BCFB2E}.Debug|x86.Build.0 = Debug|Win32
		{7AAAACAE-E623-4737-BC07-E18CD1BCFB2E}.Release|x64.ActiveCfg = Release|x64
		{7AAAACAE-E623-4737-BC07-E18CD1BCFB2E}.Release|x64.Build.0 = Release|x64
		{7AAAACAE-E623-4737-BC07-E18CD1BCFB2E}.Release|x86.ActiveCfg = Release|Win32
		{7AAAACAE-E623-4737-BC07-E18CD1BCFB2E}.Release|x86.Build.0 = Release|Win32
		{E89704FA-4F5B-4DBC-AF6B-CA09DF725F36}.Debug|x64.ActiveCfg = Debug|x64
		{E89704FA-4F5B-4DBC-AF6B-CA09DF725F36}.Debug|x64.Build.0 = Debug|x64
		{E89704FA-4F5B-4DBC-AF6B-CA09DF725F36}.Debug|x86.ActiveCfg = Debug|Win32
		{E89704FA-4F5B-4DBC-AF6B-CA09DF725F36}.Debug|x86.Build.0 = Debug|Win32
		{E89704FA-4F5B-4DBC-AF6B-CA09DF725F36}.Release|x64.ActiveCfg = Release|x64
		{E89704FA-4F5B-4DBC-AF6B-CA09DF725F36}.Release|x64.Build.0 = Release|x64
		{E89704FA-4F5B-4DBC-AF6B-CA09DF725F36}.Release|x86.ActiveCfg = Release|Win32
		{E89704FA-4F5B-4DBC-AF6B-CA09DF725F36}.Release|x86.Build.0 = Release|Win32
		{D9C05E4A-5EFD-4FE8-89AC-509E45D78AD9}.Debug|x64.ActiveCfg = Debug|x64
		{D9C05E4A-5EFD-4FE8-89AC-509E45D78AD9}.Debug|x64.Build.0 = Debug|x64
		{D9C05E4A-5EFD-4FE8-89AC-509E45D78AD9}.Debug|x86.ActiveCfg = Debug|Win32
		{D9C05E4A-5EFD-4FE8-89AC-509E45D78AD9}.Debug|x86.Build.0 = Debug|Win32
		{D9C05E4A-5EFD-4FE8-89AC-509E45D78AD9}.Release|x64.ActiveCfg = Release|x64
		{D9C05E4A-5EFD-4FE8-89AC-509E45D78AD9}.Release|x64.Build.0 = Release|x64
		{D9C05E4A-5EFD-4FE8-89AC-509E45D78AD9}.Release|x86.ActiveCfg = Release|Win32
		{D9C05E4A-5EFD-4FE8-89AC-509E45D78AD9}.Release|x86.Build.0 = Release|Win32
		{17C1EADD-17D2-4BCD-A243-7E8765E97D04}.Debug|x64.ActiveCfg = Debug|x64
		{17C1EADD-17D2-4BCD-A243-7E8765E97D04}.Debug|x64.Build.0 = Debug|x64
		{17C1EADD-17D2-4BCD-A243-7E8765E97D04}.Debug|x86.ActiveCfg = Debug|Win32
		{17C1EADD-17D2-4BCD-A243-7E8765E97D04}.Debug|x86.Build.0 = Debug|Win32
		{17C1EADD-17D2-4BCD-A243-7E8765E97D04}.Release|x64.ActiveCfg = Release|x64
		{17C1EADD-17D2-4BCD-A243-7E8765E97D04}.Release|x64.Build.0 = Release|x64
		{17C1EADD-17D2-4BCD-A243-7E8765E97D04}.Release|x86.ActiveCfg = Release|Win32
		{17C1EADD-17D2-4BCD-A243-7E8765E97D04}.Release|x86.Build.0 = Release|Win32
		{3661D750-1511-4889-8863-A08D6FDB7D7F}.Debug|x64.ActiveCfg = Debug|x64
		{3661D750-1511-4889-8863-A08D6FDB7D7F}.Debug|x64.Build.0 = Debug|x64
		{3661D750-1511-4889-8863-A08D6FDB7D7F}.Debug|x86.ActiveCfg = Debug|Win32
		{3661D750-1511-4889-8863-A08D6FDB7D7F}.Debug|x86.Build.0 = Debug|Win32
		{3661D750-1511-4889-8863-A08D6FDB7D7F}.Release|x64.ActiveCfg = Release|x64
		{3661D750-1511-4889-8863-A08D6FDB7D7F}.Release|x64.Build.0 = Release|x64
		{3661D750-1511-4889-8863-A08D6FDB7D7F}.Release|x86.ActiveCfg = Release|Win32
		{3661D750-1511-4889-8863-A08D6FDB7D7F}.Release|x86.Build.0 = Release|Win32
		{1149C755-3227-4B73-BF08-19080B621237}.Debug|x64.ActiveCfg = Debug|x64
		{1149C755-3227-4B73-BF08-19080B621237}.Debug|x64.Build.0 = Debug|x64
		{1149C755-3227-4B73-BF08-19080B621237}.Debug|x86.ActiveCfg = Debug|Win32
		{1149C755-3227-4B73-BF08-19080B621237}.Debug|x86.Build.0 = Debug|Win32
		{1149C755-3227-4B73-BF08-19080B621237}.Release|x64.ActiveCfg = Release|x64
		{1149C755-3227-4B73-BF08-19080B621237}.Release|x64.Build.0 = Release|x64
		{1149C755-3227-4B73-BF08-19080B621237}.Release|x86.ActiveCfg = Release|Win32
		{1149C755-3227-4B73-BF08-19080B621237}.Release|x86.Build.0 = Release|Win32
		{E06854A7-C954-48D0-8FD3-0D2D812F95FF}.Debug|x64.ActiveCfg = Debug|x64
		{E06854A7-C954-48D0-8FD3-0D2D812F95FF}.Debug|x64.Build.0 = Debug|x64
		{E06854A7-C954-48D0-8FD3-0D2D812F95FF}.Debug|x86.ActiveCfg = Debug|Win32
		{E06854A7-C954-48D0-8FD3-0D2D812F95FF}.Debug|x86.Build.0 = Debug|Win32
		{E06854A7-C954-48D0-8FD3-0D2D812F95FF}.Release|x64.ActiveCfg = Release|x64
		{E06854A7-C954-48D0-8FD3-0D2D812F95FF}.Release|x64.Build.0 = Release|x64
		{E06854A7-C954-48D0-8FD3-0D2D812F95FF}.Release|x86.ActiveCfg = Release|Win32
		{E06854A7-C954-48D0-8FD3-0D2D812F95FF}.Release|x86.Build.0 = Release|Win32
		{FF27F554-2186-4B8F-9ABC-9CA82F495B33}.Debug|x64.ActiveCfg = Debug|x64
		{FF27F554-2186-4B8F-9ABC-9CA82F495B33}.Debug|x64.Build.0 = Debug|x64
		{FF27F554-2186-4B8F-9ABC-9CA82F495B33}.Debug|x86.ActiveCfg = Debug|Win32
		{FF27F554-2186-4B8F-9ABC-9CA82F495B33}.Debug|x86.Build.0 = Debug|Win32
		{FF27F554-2186-4B8F-9ABC-9CA82F495B33}.Release|x64.ActiveCfg = Release|x64
		{FF27F554-2186-4B8F-9ABC-9CA82F495B33}.Release|x64.Build.0 = Release|x64
		{FF27F554-2186-4B8F-9ABC-9CA82F495B33}.Release|x86.ActiveCfg = Release|Win32
		{FF27F554-2186-4B8F-9ABC-9CA82F495B33}.Release|x86.Build.0 = Release|Win32
		{22CBCCA0-8717-46BC-B0C2-6587F0DF4243}.Debug|x64.ActiveCfg = Debug|x64
		{22CBCCA0-8717-46BC-B0C2-6587F0DF4243}.Debug|x64.Build.0 = Debug|x64
		{22CBCCA0-8717-46BC-B0C2-6587F0DF4243}.Debug|x86.ActiveCfg = Debug|Win32
		{22CBCCA0-8717-46BC-B0C2-6587F0DF4243}.Debug|x86.Build.0 = Debug|Win32
		{22CBCCA0-8717-46BC-B0C2-6587F0DF4243}.Release|x64.ActiveCfg = Release|x64
		{22CBCCA0-8717-46BC-B0C2-6587F0DF4243}.Release|x64.Build.0 = Release|x64
		{22CBCCA0-8717-46BC-B0C2-6587F0DF4243}.Release|x86.ActiveCfg = Release|Win32
		{22CBCCA0-8717-46BC-B0C2-6587F0DF4243}.Release|x86.Build.0 = Release|Win32
		{6665F019-32CA-4287-9911-C2860C68A59D}.Debug|x64.ActiveCfg = Debug|x64
		{6665F019-32CA-4287-9911-C2860C68A59D}.Debug|x64.Build.0 = Debug|x64
		{6665F019-32CA-4287-9911-C2860C68A59D}.Debug|x86.ActiveCfg = Debug|Win32
		{6665F019-32CA-4287-9911-C2860C68A59D}.Debug|x86.Build.0 = Debug|Win32
		{6665F019-32CA-4287-9911-C2860C68A59D}.Release|x64.ActiveCfg = Release|x64
		{6665F019-32CA-4287-9911-C2860C68A59D}.Release|x64.Build.0 = Release|x64
		{6665F019-32CA-4287-9911-C2860C68A59D}.Release|x86.ActiveCfg = Release|Win32
		{6665F019-32CA-4287-9911-C2860C68A59D}.Release|x86.Build.0 = Release|Win32
		{57A3ABD1-B0A7-4077-BEAD-119F691284ED}.Debug|x64.ActiveCfg = Debug|x64
		{57A3ABD1-B0A7-4077-BEAD-119F691284ED}.Debug|x64.Build.0 = Debug|x64
		{57A3ABD1-B0A7-4077-BEAD-119F691284ED}.Debug|x86.ActiveCfg = Debug|Win32
		{57A3ABD1-B0A7-4077-BEAD-119F691284ED}.Debug|x86.Build.0 = Debug|Win32
		{57A3ABD1-B0A7-4077-BEAD-119F691284ED}.Release|x64.ActiveCfg = Release|x64
		{57A3ABD1-B0A7-4077-BEAD-119F691284ED}.Release|x64.Build.0 = Release|x64
		{57A3ABD1-B0A7-4077-BEAD-119F691284ED}.Release|x86.ActiveCfg = Release|Win32
		{57A3ABD1-B0A7-4077-BEAD-119F691284ED}.Release|x86.Build.0 = Release|Win32
		{DBE3F0A0-9F68-4A8F-A6D5-880266AED9B1}.Debug|x64.ActiveCfg = Debug|x64
		{DBE3F0A0-9F68-4A8F-A6D5-880266AED9B1}.Debug|x64.Build.0 = Debug|x64
		{DBE3F0A0-9F68-4A8F-A6D5-880266AED9B1}.Debug|x86.ActiveCfg = Debug|Win32
		{DBE3F0A0-9F68-4A8F-A6D5-880266AED9B1}.Debug|x86.Build.0 = Debug|Win32
		{DBE3F0A0-9F68-4A8F-A6D5-880266AED9B1}.Release|x64.ActiveCfg = Release|x64
		{DBE3F0A0-9F68-4A8F-A6D5-880266AED9B1}.Release|x64.Build.0 = Release|x64
		{DBE3F0A0-9F68-4A8F-A6D5-880266AED9B1}.Release|x86.ActiveCfg = Release|Win32
		{DBE3F0A0-9F68-4A8F-A6D5-880266AED9B1}.Release|x86.Build.0 = Release|Win32
		{35F0E059-91B1-415A-A586-71EB121DB592}.Debug|x64.ActiveCfg = Debug|x64
		{35F0E059-91B1-415A-A586-71EB121DB592}.Debug|x64.Build.0 = Debug|x64
		{35F0E059-91B1-415A-A586-71EB121DB592}.Debug|x86.ActiveCfg = Debug|Win32
		{35F0E059-91B1-415A-A586-71EB121DB592}.Debug|x86.Build.0 = Debug|Win32
		{35F0E059-91B1-415A-A586-71EB121DB592}.Release|x64.ActiveCfg = Release|x64
		{35F0E059-91B1-415A-A586-71EB121DB592}.Release|x64.Build.0 = Release|x64
		{35F0E059-91B1-415A-A586-71EB121DB592}.Release|x86.ActiveCfg = Release|Win32
		{35F0E059-91B1-415A-A586-71EB121DB592}.Release|x86.Build.0 = Release|Win32
		{A089716B-9CE4-48C0-BAAC-2D4EF5AF855A}.Debug|x64.ActiveCfg = Debug|x64
		{A089716B-9CE4-48C0-BAAC-2D4EF5AF855A}.Debug|x64.Build.0 = Debug|x64
		{A089716B-9CE4-48C0-BAAC-2D4EF5AF855A}.Debug|x86.ActiveCfg = Debug|Win32
		{A089716B-9CE4-48C0-BAAC-2D4EF5AF855A}.Debug|x86.Build.0 = Debug|Win32
		{A089716B-9CE4-48C0-BAAC-2D4EF5AF855A}.Release|x64.ActiveCfg = Release|x64
		{A089716B-9CE4-48C0-BAAC-2D4EF5AF855A}.Release|x64.Build.0 = Release|x64
		{A089716B-9CE4-48C0-BAAC-2D4EF5AF855A}.Release|x86.ActiveCfg = Release|Win32
		{A089716B-9CE4-48C0-BAAC-2D4EF5AF855A}.Release|x86.Build.0 = Release|Win32
	EndGlobalSection
	GlobalSection(SolutionProperties) = preSolution
		HideSolutionNode = FALSE
	EndGlobalSection
	GlobalSection(ExtensibilityGlobals) = postSolution
		SolutionGuid = {31CAFE18-DE3E-4C71-BDD0-64011DC14834}
	EndGlobalSection
EndGlobal
