
Microsoft Visual Studio Solution File, Format Version 12.00
# Visual Studio Version 17
VisualStudioVersion = 17.5.33424.131
MinimumVisualStudioVersion = 10.0.40219.1
Project("{8BC9CEB8-8B4A-11D0-8D11-00A0C91BC942}") = "Bai005", "Bai005\Bai005.vcxproj", "{C1461C1F-27B5-4AEB-A3E5-BBDD0D8CB176}"
EndProject
Project("{8BC9CEB8-8B4A-11D0-8D11-00A0C91BC942}") = "Bai011", "Bai011\Bai011.vcxproj", "{E9EFEC11-2CE4-4386-8183-A9BA5012416C}"
EndProject
Project("{8BC9CEB8-8B4A-11D0-8D11-00A0C91BC942}") = "Bai017", "Bai017\Bai017.vcxproj", "{6C5FC5C7-A8DC-4CAB-85B3-285779037CB2}"
EndProject
Project("{8BC9CEB8-8B4A-11D0-8D11-00A0C91BC942}") = "Bai001", "Bai001\Bai001.vcxproj", "{2B67951F-7ECD-4E6F-9CFD-306C46A04D4D}"
EndProject
Project("{8BC9CEB8-8B4A-11D0-8D11-00A0C91BC942}") = "Bai007", "Bai007\Bai007.vcxproj", "{8C1E2343-E6BE-443F-B9C3-7BD8A865A282}"
EndProject
Global
	GlobalSection(SolutionConfigurationPlatforms) = preSolution
		Debug|x64 = Debug|x64
		Debug|x86 = Debug|x86
		Release|x64 = Release|x64
		Release|x86 = Release|x86
	EndGlobalSection
	GlobalSection(ProjectConfigurationPlatforms) = postSolution
		{C1461C1F-27B5-4AEB-A3E5-BBDD0D8CB176}.Debug|x64.ActiveCfg = Debug|x64
		{C1461C1F-27B5-4AEB-A3E5-BBDD0D8CB176}.Debug|x64.Build.0 = Debug|x64
		{C1461C1F-27B5-4AEB-A3E5-BBDD0D8CB176}.Debug|x86.ActiveCfg = Debug|Win32
		{C1461C1F-27B5-4AEB-A3E5-BBDD0D8CB176}.Debug|x86.Build.0 = Debug|Win32
		{C1461C1F-27B5-4AEB-A3E5-BBDD0D8CB176}.Release|x64.ActiveCfg = Release|x64
		{C1461C1F-27B5-4AEB-A3E5-BBDD0D8CB176}.Release|x64.Build.0 = Release|x64
		{C1461C1F-27B5-4AEB-A3E5-BBDD0D8CB176}.Release|x86.ActiveCfg = Release|Win32
		{C1461C1F-27B5-4AEB-A3E5-BBDD0D8CB176}.Release|x86.Build.0 = Release|Win32
		{E9EFEC11-2CE4-4386-8183-A9BA5012416C}.Debug|x64.ActiveCfg = Debug|x64
		{E9EFEC11-2CE4-4386-8183-A9BA5012416C}.Debug|x64.Build.0 = Debug|x64
		{E9EFEC11-2CE4-4386-8183-A9BA5012416C}.Debug|x86.ActiveCfg = Debug|Win32
		{E9EFEC11-2CE4-4386-8183-A9BA5012416C}.Debug|x86.Build.0 = Debug|Win32
		{E9EFEC11-2CE4-4386-8183-A9BA5012416C}.Release|x64.ActiveCfg = Release|x64
		{E9EFEC11-2CE4-4386-8183-A9BA5012416C}.Release|x64.Build.0 = Release|x64
		{E9EFEC11-2CE4-4386-8183-A9BA5012416C}.Release|x86.ActiveCfg = Release|Win32
		{E9EFEC11-2CE4-4386-8183-A9BA5012416C}.Release|x86.Build.0 = Release|Win32
		{6C5FC5C7-A8DC-4CAB-85B3-285779037CB2}.Debug|x64.ActiveCfg = Debug|x64
		{6C5FC5C7-A8DC-4CAB-85B3-285779037CB2}.Debug|x64.Build.0 = Debug|x64
		{6C5FC5C7-A8DC-4CAB-85B3-285779037CB2}.Debug|x86.ActiveCfg = Debug|Win32
		{6C5FC5C7-A8DC-4CAB-85B3-285779037CB2}.Debug|x86.Build.0 = Debug|Win32
		{6C5FC5C7-A8DC-4CAB-85B3-285779037CB2}.Release|x64.ActiveCfg = Release|x64
		{6C5FC5C7-A8DC-4CAB-85B3-285779037CB2}.Release|x64.Build.0 = Release|x64
		{6C5FC5C7-A8DC-4CAB-85B3-285779037CB2}.Release|x86.ActiveCfg = Release|Win32
		{6C5FC5C7-A8DC-4CAB-85B3-285779037CB2}.Release|x86.Build.0 = Release|Win32
		{2B67951F-7ECD-4E6F-9CFD-306C46A04D4D}.Debug|x64.ActiveCfg = Debug|x64
		{2B67951F-7ECD-4E6F-9CFD-306C46A04D4D}.Debug|x64.Build.0 = Debug|x64
		{2B67951F-7ECD-4E6F-9CFD-306C46A04D4D}.Debug|x86.ActiveCfg = Debug|Win32
		{2B67951F-7ECD-4E6F-9CFD-306C46A04D4D}.Debug|x86.Build.0 = Debug|Win32
		{2B67951F-7ECD-4E6F-9CFD-306C46A04D4D}.Release|x64.ActiveCfg = Release|x64
		{2B67951F-7ECD-4E6F-9CFD-306C46A04D4D}.Release|x64.Build.0 = Release|x64
		{2B67951F-7ECD-4E6F-9CFD-306C46A04D4D}.Release|x86.ActiveCfg = Release|Win32
		{2B67951F-7ECD-4E6F-9CFD-306C46A04D4D}.Release|x86.Build.0 = Release|Win32
		{8C1E2343-E6BE-443F-B9C3-7BD8A865A282}.Debug|x64.ActiveCfg = Debug|x64
		{8C1E2343-E6BE-443F-B9C3-7BD8A865A282}.Debug|x64.Build.0 = Debug|x64
		{8C1E2343-E6BE-443F-B9C3-7BD8A865A282}.Debug|x86.ActiveCfg = Debug|Win32
		{8C1E2343-E6BE-443F-B9C3-7BD8A865A282}.Debug|x86.Build.0 = Debug|Win32
		{8C1E2343-E6BE-443F-B9C3-7BD8A865A282}.Release|x64.ActiveCfg = Release|x64
		{8C1E2343-E6BE-443F-B9C3-7BD8A865A282}.Release|x64.Build.0 = Release|x64
		{8C1E2343-E6BE-443F-B9C3-7BD8A865A282}.Release|x86.ActiveCfg = Release|Win32
		{8C1E2343-E6BE-443F-B9C3-7BD8A865A282}.Release|x86.Build.0 = Release|Win32
	EndGlobalSection
	GlobalSection(SolutionProperties) = preSolution
		HideSolutionNode = FALSE
	EndGlobalSection
	GlobalSection(ExtensibilityGlobals) = postSolution
		SolutionGuid = {31CAFE18-DE3E-4C71-BDD0-64011DC14834}
	EndGlobalSection
EndGlobal
