
Microsoft Visual Studio Solution File, Format Version 12.00
# Visual Studio Version 17
VisualStudioVersion = 17.5.33424.131
MinimumVisualStudioVersion = 10.0.40219.1
Project("{8BC9CEB8-8B4A-11D0-8D11-00A0C91BC942}") = "Bai005", "Bai005\Bai005.vcxproj", "{C1461C1F-27B5-4AEB-A3E5-BBDD0D8CB176}"
EndProject
Project("{8BC9CEB8-8B4A-11D0-8D11-00A0C91BC942}") = "Bai011", "Bai011\Bai011.vcxproj", "{E9EFEC11-2CE4-4386-8183-A9BA5012416C}"
EndProject
Project("{8BC9CEB8-8B4A-11D0-8D11-00A0C91BC942}") = "Bai017", "Bai017\Bai017.vcxproj", "{6C5FC5C7-A8DC-4CAB-85B3-285779037CB2}"
EndProject
Project("{8BC9CEB8-8B4A-11D0-8D11-00A0C91BC942}") = "Bai001", "Bai001\Bai001.vcxproj", "{2B67951F-7ECD-4E6F-9CFD-306C46A04D4D}"
EndProject
Project("{8BC9CEB8-8B4A-11D0-8D11-00A0C91BC942}") = "Bai007", "Bai007\Bai007.vcxproj", "{8C1E2343-E6BE-443F-B9C3-7BD8A865A282}"
EndProject
Project("{8BC9CEB8-8B4A-11D0-8D11-00A0C91BC942}") = "Bai013", "Bai013\Bai013.vcxproj", "{A01E7455-9EFD-4AEC-879D-C20F96A63A6B}"
EndProject
Project("{8BC9CEB8-8B4A-11D0-8D11-00A0C91BC942}") = "Bai019", "Bai019\Bai019.vcxproj", "{722CD8F4-4936-49C3-83A2-B4115DD2E8EB}"
EndProject
Project("{8BC9CEB8-8B4A-11D0-8D11-00A0C91BC942}") = "Bai025", "Bai025\Bai025.vcxproj", "{0FBE6E34-0CE1-4D20-A133-361DB47F5EEE}"
EndProject
Project("{8BC9CEB8-8B4A-11D0-8D11-00A0C91BC942}") = "Bai031", "Bai031\Bai031.vcxproj", "{D53469CE-C910-4093-9CD2-D9A71B6A9DD1}"
EndProject
Project("{8BC9CEB8-8B4A-11D0-8D11-00A0C91BC942}") = "Bai037", "Bai037\Bai037.vcxproj", "{4BCB50A3-AB05-4531-8375-2F078EE8DB54}"
EndProject
Project("{8BC9CEB8-8B4A-11D0-8D11-00A0C91BC942}") = "Bai043", "Bai043\Bai043.vcxproj", "{B2278783-D1CF-4A2A-87D8-706204C00F3D}"
EndProject
Project("{8BC9CEB8-8B4A-11D0-8D11-00A0C91BC942}") = "Bai049", "Bai049\Bai049.vcxproj", "{AFABEFC6-C706-4073-AB99-8275E229D73F}"
EndProject
Project("{8BC9CEB8-8B4A-11D0-8D11-00A0C91BC942}") = "Bai055", "Bai055\Bai055.vcxproj", "{6087A86D-4F40-43C5-BFEE-27D1B813500B}"
EndProject
Global
	GlobalSection(SolutionConfigurationPlatforms) = preSolution
		Debug|x64 = Debug|x64
		Debug|x86 = Debug|x86
		Release|x64 = Release|x64
		Release|x86 = Release|x86
	EndGlobalSection
	GlobalSection(ProjectConfigurationPlatforms) = postSolution
		{C1461C1F-27B5-4AEB-A3E5-BBDD0D8CB176}.Debug|x64.ActiveCfg = Debug|x64
		{C1461C1F-27B5-4AEB-A3E5-BBDD0D8CB176}.Debug|x64.Build.0 = Debug|x64
		{C1461C1F-27B5-4AEB-A3E5-BBDD0D8CB176}.Debug|x86.ActiveCfg = Debug|Win32
		{C1461C1F-27B5-4AEB-A3E5-BBDD0D8CB176}.Debug|x86.Build.0 = Debug|Win32
		{C1461C1F-27B5-4AEB-A3E5-BBDD0D8CB176}.Release|x64.ActiveCfg = Release|x64
		{C1461C1F-27B5-4AEB-A3E5-BBDD0D8CB176}.Release|x64.Build.0 = Release|x64
		{C1461C1F-27B5-4AEB-A3E5-BBDD0D8CB176}.Release|x86.ActiveCfg = Release|Win32
		{C1461C1F-27B5-4AEB-A3E5-BBDD0D8CB176}.Release|x86.Build.0 = Release|Win32
		{E9EFEC11-2CE4-4386-8183-A9BA5012416C}.Debug|x64.ActiveCfg = Debug|x64
		{E9EFEC11-2CE4-4386-8183-A9BA5012416C}.Debug|x64.Build.0 = Debug|x64
		{E9EFEC11-2CE4-4386-8183-A9BA5012416C}.Debug|x86.ActiveCfg = Debug|Win32
		{E9EFEC11-2CE4-4386-8183-A9BA5012416C}.Debug|x86.Build.0 = Debug|Win32
		{E9EFEC11-2CE4-4386-8183-A9BA5012416C}.Release|x64.ActiveCfg = Release|x64
		{E9EFEC11-2CE4-4386-8183-A9BA5012416C}.Release|x64.Build.0 = Release|x64
		{E9EFEC11-2CE4-4386-8183-A9BA5012416C}.Release|x86.ActiveCfg = Release|Win32
		{E9EFEC11-2CE4-4386-8183-A9BA5012416C}.Release|x86.Build.0 = Release|Win32
		{6C5FC5C7-A8DC-4CAB-85B3-285779037CB2}.Debug|x64.ActiveCfg = Debug|x64
		{6C5FC5C7-A8DC-4CAB-85B3-285779037CB2}.Debug|x64.Build.0 = Debug|x64
		{6C5FC5C7-A8DC-4CAB-85B3-285779037CB2}.Debug|x86.ActiveCfg = Debug|Win32
		{6C5FC5C7-A8DC-4CAB-85B3-285779037CB2}.Debug|x86.Build.0 = Debug|Win32
		{6C5FC5C7-A8DC-4CAB-85B3-285779037CB2}.Release|x64.ActiveCfg = Release|x64
		{6C5FC5C7-A8DC-4CAB-85B3-285779037CB2}.Release|x64.Build.0 = Release|x64
		{6C5FC5C7-A8DC-4CAB-85B3-285779037CB2}.Release|x86.ActiveCfg = Release|Win32
		{6C5FC5C7-A8DC-4CAB-85B3-285779037CB2}.Release|x86.Build.0 = Release|Win32
		{2B67951F-7ECD-4E6F-9CFD-306C46A04D4D}.Debug|x64.ActiveCfg = Debug|x64
		{2B67951F-7ECD-4E6F-9CFD-306C46A04D4D}.Debug|x64.Build.0 = Debug|x64
		{2B67951F-7ECD-4E6F-9CFD-306C46A04D4D}.Debug|x86.ActiveCfg = Debug|Win32
		{2B67951F-7ECD-4E6F-9CFD-306C46A04D4D}.Debug|x86.Build.0 = Debug|Win32
		{2B67951F-7ECD-4E6F-9CFD-306C46A04D4D}.Release|x64.ActiveCfg = Release|x64
		{2B67951F-7ECD-4E6F-9CFD-306C46A04D4D}.Release|x64.Build.0 = Release|x64
		{2B67951F-7ECD-4E6F-9CFD-306C46A04D4D}.Release|x86.ActiveCfg = Release|Win32
		{2B67951F-7ECD-4E6F-9CFD-306C46A04D4D}.Release|x86.Build.0 = Release|Win32
		{8C1E2343-E6BE-443F-B9C3-7BD8A865A282}.Debug|x64.ActiveCfg = Debug|x64
		{8C1E2343-E6BE-443F-B9C3-7BD8A865A282}.Debug|x64.Build.0 = Debug|x64
		{8C1E2343-E6BE-443F-B9C3-7BD8A865A282}.Debug|x86.ActiveCfg = Debug|Win32
		{8C1E2343-E6BE-443F-B9C3-7BD8A865A282}.Debug|x86.Build.0 = Debug|Win32
		{8C1E2343-E6BE-443F-B9C3-7BD8A865A282}.Release|x64.ActiveCfg = Release|x64
		{8C1E2343-E6BE-443F-B9C3-7BD8A865A282}.Release|x64.Build.0 = Release|x64
		{8C1E2343-E6BE-443F-B9C3-7BD8A865A282}.Release|x86.ActiveCfg = Release|Win32
		{8C1E2343-E6BE-443F-B9C3-7BD8A865A282}.Release|x86.Build.0 = Release|Win32
		{A01E7455-9EFD-4AEC-879D-C20F96A63A6B}.Debug|x64.ActiveCfg = Debug|x64
		{A01E7455-9EFD-4AEC-879D-C20F96A63A6B}.Debug|x64.Build.0 = Debug|x64
		{A01E7455-9EFD-4AEC-879D-C20F96A63A6B}.Debug|x86.ActiveCfg = Debug|Win32
		{A01E7455-9EFD-4AEC-879D-C20F96A63A6B}.Debug|x86.Build.0 = Debug|Win32
		{A01E7455-9EFD-4AEC-879D-C20F96A63A6B}.Release|x64.ActiveCfg = Release|x64
		{A01E7455-9EFD-4AEC-879D-C20F96A63A6B}.Release|x64.Build.0 = Release|x64
		{A01E7455-9EFD-4AEC-879D-C20F96A63A6B}.Release|x86.ActiveCfg = Release|Win32
		{A01E7455-9EFD-4AEC-879D-C20F96A63A6B}.Release|x86.Build.0 = Release|Win32
		{722CD8F4-4936-49C3-83A2-B4115DD2E8EB}.Debug|x64.ActiveCfg = Debug|x64
		{722CD8F4-4936-49C3-83A2-B4115DD2E8EB}.Debug|x64.Build.0 = Debug|x64
		{722CD8F4-4936-49C3-83A2-B4115DD2E8EB}.Debug|x86.ActiveCfg = Debug|Win32
		{722CD8F4-4936-49C3-83A2-B4115DD2E8EB}.Debug|x86.Build.0 = Debug|Win32
		{722CD8F4-4936-49C3-83A2-B4115DD2E8EB}.Release|x64.ActiveCfg = Release|x64
		{722CD8F4-4936-49C3-83A2-B4115DD2E8EB}.Release|x64.Build.0 = Release|x64
		{722CD8F4-4936-49C3-83A2-B4115DD2E8EB}.Release|x86.ActiveCfg = Release|Win32
		{722CD8F4-4936-49C3-83A2-B4115DD2E8EB}.Release|x86.Build.0 = Release|Win32
		{0FBE6E34-0CE1-4D20-A133-361DB47F5EEE}.Debug|x64.ActiveCfg = Debug|x64
		{0FBE6E34-0CE1-4D20-A133-361DB47F5EEE}.Debug|x64.Build.0 = Debug|x64
		{0FBE6E34-0CE1-4D20-A133-361DB47F5EEE}.Debug|x86.ActiveCfg = Debug|Win32
		{0FBE6E34-0CE1-4D20-A133-361DB47F5EEE}.Debug|x86.Build.0 = Debug|Win32
		{0FBE6E34-0CE1-4D20-A133-361DB47F5EEE}.Release|x64.ActiveCfg = Release|x64
		{0FBE6E34-0CE1-4D20-A133-361DB47F5EEE}.Release|x64.Build.0 = Release|x64
		{0FBE6E34-0CE1-4D20-A133-361DB47F5EEE}.Release|x86.ActiveCfg = Release|Win32
		{0FBE6E34-0CE1-4D20-A133-361DB47F5EEE}.Release|x86.Build.0 = Release|Win32
		{D53469CE-C910-4093-9CD2-D9A71B6A9DD1}.Debug|x64.ActiveCfg = Debug|x64
		{D53469CE-C910-4093-9CD2-D9A71B6A9DD1}.Debug|x64.Build.0 = Debug|x64
		{D53469CE-C910-4093-9CD2-D9A71B6A9DD1}.Debug|x86.ActiveCfg = Debug|Win32
		{D53469CE-C910-4093-9CD2-D9A71B6A9DD1}.Debug|x86.Build.0 = Debug|Win32
		{D53469CE-C910-4093-9CD2-D9A71B6A9DD1}.Release|x64.ActiveCfg = Release|x64
		{D53469CE-C910-4093-9CD2-D9A71B6A9DD1}.Release|x64.Build.0 = Release|x64
		{D53469CE-C910-4093-9CD2-D9A71B6A9DD1}.Release|x86.ActiveCfg = Release|Win32
		{D53469CE-C910-4093-9CD2-D9A71B6A9DD1}.Release|x86.Build.0 = Release|Win32
		{4BCB50A3-AB05-4531-8375-2F078EE8DB54}.Debug|x64.ActiveCfg = Debug|x64
		{4BCB50A3-AB05-4531-8375-2F078EE8DB54}.Debug|x64.Build.0 = Debug|x64
		{4BCB50A3-AB05-4531-8375-2F078EE8DB54}.Debug|x86.ActiveCfg = Debug|Win32
		{4BCB50A3-AB05-4531-8375-2F078EE8DB54}.Debug|x86.Build.0 = Debug|Win32
		{4BCB50A3-AB05-4531-8375-2F078EE8DB54}.Release|x64.ActiveCfg = Release|x64
		{4BCB50A3-AB05-4531-8375-2F078EE8DB54}.Release|x64.Build.0 = Release|x64
		{4BCB50A3-AB05-4531-8375-2F078EE8DB54}.Release|x86.ActiveCfg = Release|Win32
		{4BCB50A3-AB05-4531-8375-2F078EE8DB54}.Release|x86.Build.0 = Release|Win32
		{B2278783-D1CF-4A2A-87D8-706204C00F3D}.Debug|x64.ActiveCfg = Debug|x64
		{B2278783-D1CF-4A2A-87D8-706204C00F3D}.Debug|x64.Build.0 = Debug|x64
		{B2278783-D1CF-4A2A-87D8-706204C00F3D}.Debug|x86.ActiveCfg = Debug|Win32
		{B2278783-D1CF-4A2A-87D8-706204C00F3D}.Debug|x86.Build.0 = Debug|Win32
		{B2278783-D1CF-4A2A-87D8-706204C00F3D}.Release|x64.ActiveCfg = Release|x64
		{B2278783-D1CF-4A2A-87D8-706204C00F3D}.Release|x64.Build.0 = Release|x64
		{B2278783-D1CF-4A2A-87D8-706204C00F3D}.Release|x86.ActiveCfg = Release|Win32
		{B2278783-D1CF-4A2A-87D8-706204C00F3D}.Release|x86.Build.0 = Release|Win32
		{AFABEFC6-C706-4073-AB99-8275E229D73F}.Debug|x64.ActiveCfg = Debug|x64
		{AFABEFC6-C706-4073-AB99-8275E229D73F}.Debug|x64.Build.0 = Debug|x64
		{AFABEFC6-C706-4073-AB99-8275E229D73F}.Debug|x86.ActiveCfg = Debug|Win32
		{AFABEFC6-C706-4073-AB99-8275E229D73F}.Debug|x86.Build.0 = Debug|Win32
		{AFABEFC6-C706-4073-AB99-8275E229D73F}.Release|x64.ActiveCfg = Release|x64
		{AFABEFC6-C706-4073-AB99-8275E229D73F}.Release|x64.Build.0 = Release|x64
		{AFABEFC6-C706-4073-AB99-8275E229D73F}.Release|x86.ActiveCfg = Release|Win32
		{AFABEFC6-C706-4073-AB99-8275E229D73F}.Release|x86.Build.0 = Release|Win32
		{6087A86D-4F40-43C5-BFEE-27D1B813500B}.Debug|x64.ActiveCfg = Debug|x64
		{6087A86D-4F40-43C5-BFEE-27D1B813500B}.Debug|x64.Build.0 = Debug|x64
		{6087A86D-4F40-43C5-BFEE-27D1B813500B}.Debug|x86.ActiveCfg = Debug|Win32
		{6087A86D-4F40-43C5-BFEE-27D1B813500B}.Debug|x86.Build.0 = Debug|Win32
		{6087A86D-4F40-43C5-BFEE-27D1B813500B}.Release|x64.ActiveCfg = Release|x64
		{6087A86D-4F40-43C5-BFEE-27D1B813500B}.Release|x64.Build.0 = Release|x64
		{6087A86D-4F40-43C5-BFEE-27D1B813500B}.Release|x86.ActiveCfg = Release|Win32
		{6087A86D-4F40-43C5-BFEE-27D1B813500B}.Release|x86.Build.0 = Release|Win32
	EndGlobalSection
	GlobalSection(SolutionProperties) = preSolution
		HideSolutionNode = FALSE
	EndGlobalSection
	GlobalSection(ExtensibilityGlobals) = postSolution
		SolutionGuid = {31CAFE18-DE3E-4C71-BDD0-64011DC14834}
	EndGlobalSection
EndGlobal
